// !$*UTF8*$!
{
	archiveVersion = 1;
	classes = {
	};
	objectVersion = 45;
	objects = {

/* Begin PBXBuildFile section */
		052C64190FED703200B259D7 /* TwitchAppDelegate.m in Sources */ = {isa = PBXBuildFile; fileRef = 052C64180FED703200B259D7 /* TwitchAppDelegate.m */; };
		05B2380D0FEDB20900A6A2E6 /* MGTwitterEngine.m in Sources */ = {isa = PBXBuildFile; fileRef = 05B237EE0FEDB20900A6A2E6 /* MGTwitterEngine.m */; };
		05B2380E0FEDB20900A6A2E6 /* MGTwitterHTTPURLConnection.m in Sources */ = {isa = PBXBuildFile; fileRef = 05B237F20FEDB20900A6A2E6 /* MGTwitterHTTPURLConnection.m */; };
		05B2380F0FEDB20900A6A2E6 /* MGTwitterLibXMLParser.m in Sources */ = {isa = PBXBuildFile; fileRef = 05B237F40FEDB20900A6A2E6 /* MGTwitterLibXMLParser.m */; };
		05B238100FEDB20900A6A2E6 /* MGTwitterMessagesLibXMLParser.m in Sources */ = {isa = PBXBuildFile; fileRef = 05B237F60FEDB20900A6A2E6 /* MGTwitterMessagesLibXMLParser.m */; };
		05B238110FEDB20900A6A2E6 /* MGTwitterMessagesParser.m in Sources */ = {isa = PBXBuildFile; fileRef = 05B237F80FEDB20900A6A2E6 /* MGTwitterMessagesParser.m */; };
		05B238120FEDB20900A6A2E6 /* MGTwitterMiscLibXMLParser.m in Sources */ = {isa = PBXBuildFile; fileRef = 05B237FA0FEDB20900A6A2E6 /* MGTwitterMiscLibXMLParser.m */; };
		05B238130FEDB20900A6A2E6 /* MGTwitterMiscParser.m in Sources */ = {isa = PBXBuildFile; fileRef = 05B237FC0FEDB20900A6A2E6 /* MGTwitterMiscParser.m */; };
		05B238140FEDB20900A6A2E6 /* MGTwitterStatusesLibXMLParser.m in Sources */ = {isa = PBXBuildFile; fileRef = 05B238000FEDB20900A6A2E6 /* MGTwitterStatusesLibXMLParser.m */; };
		05B238150FEDB20900A6A2E6 /* MGTwitterStatusesParser.m in Sources */ = {isa = PBXBuildFile; fileRef = 05B238020FEDB20900A6A2E6 /* MGTwitterStatusesParser.m */; };
		05B238160FEDB20900A6A2E6 /* MGTwitterUsersLibXMLParser.m in Sources */ = {isa = PBXBuildFile; fileRef = 05B238040FEDB20900A6A2E6 /* MGTwitterUsersLibXMLParser.m */; };
		05B238170FEDB20900A6A2E6 /* MGTwitterUsersParser.m in Sources */ = {isa = PBXBuildFile; fileRef = 05B238060FEDB20900A6A2E6 /* MGTwitterUsersParser.m */; };
		05B238180FEDB20900A6A2E6 /* MGTwitterXMLParser.m in Sources */ = {isa = PBXBuildFile; fileRef = 05B238080FEDB20900A6A2E6 /* MGTwitterXMLParser.m */; };
		05B238190FEDB20900A6A2E6 /* NSData+Base64.m in Sources */ = {isa = PBXBuildFile; fileRef = 05B2380A0FEDB20900A6A2E6 /* NSData+Base64.m */; };
		05B2381A0FEDB20900A6A2E6 /* NSString+UUID.m in Sources */ = {isa = PBXBuildFile; fileRef = 05B2380C0FEDB20900A6A2E6 /* NSString+UUID.m */; };
		05B238320FEDBA6600A6A2E6 /* libxml2.dylib in Frameworks */ = {isa = PBXBuildFile; fileRef = 05B238310FEDBA6600A6A2E6 /* libxml2.dylib */; };
		05B2387D0FEDC15800A6A2E6 /* DeviceRegistrar.m in Sources */ = {isa = PBXBuildFile; fileRef = 05B2387C0FEDC15800A6A2E6 /* DeviceRegistrar.m */; };
		05B238810FEDC29400A6A2E6 /* LogInDisplayMgr.m in Sources */ = {isa = PBXBuildFile; fileRef = 05B238800FEDC29400A6A2E6 /* LogInDisplayMgr.m */; };
		05B238860FEDC34200A6A2E6 /* MainWindow.xib in Resources */ = {isa = PBXBuildFile; fileRef = 05B238820FEDC34200A6A2E6 /* MainWindow.xib */; };
		05B2388A0FEDC35400A6A2E6 /* LogInView.xib in Resources */ = {isa = PBXBuildFile; fileRef = 05B238880FEDC35400A6A2E6 /* LogInView.xib */; };
		05B238E20FEDC4F700A6A2E6 /* LogInViewController.m in Sources */ = {isa = PBXBuildFile; fileRef = 05B238E00FEDC4F700A6A2E6 /* LogInViewController.m */; };
		05B2393F0FEDD06D00A6A2E6 /* UIAlertView+InstantiationAdditions.m in Sources */ = {isa = PBXBuildFile; fileRef = 05B2393E0FEDD06D00A6A2E6 /* UIAlertView+InstantiationAdditions.m */; };
		05B239490FEDD10900A6A2E6 /* Localizable.strings in Resources */ = {isa = PBXBuildFile; fileRef = 05B239470FEDD10900A6A2E6 /* Localizable.strings */; };
		05B239670FEDD1E500A6A2E6 /* AbstractUpdatePublisher.m in Sources */ = {isa = PBXBuildFile; fileRef = 05B239660FEDD1E500A6A2E6 /* AbstractUpdatePublisher.m */; };
		05B2396C0FEDD21B00A6A2E6 /* CredentialsUpdatePublisher.m in Sources */ = {isa = PBXBuildFile; fileRef = 05B2396B0FEDD21B00A6A2E6 /* CredentialsUpdatePublisher.m */; };
		05B239F10FEEABBB00A6A2E6 /* twitch.xcdatamodel in Sources */ = {isa = PBXBuildFile; fileRef = 05B239F00FEEABBB00A6A2E6 /* twitch.xcdatamodel */; };
		05B23A320FEEB29D00A6A2E6 /* CoreData.framework in Frameworks */ = {isa = PBXBuildFile; fileRef = 05B23A310FEEB29D00A6A2E6 /* CoreData.framework */; };
		05B23A600FEEB59C00A6A2E6 /* Account.m in Sources */ = {isa = PBXBuildFile; fileRef = 05B23A5F0FEEB59C00A6A2E6 /* Account.m */; };
		05B23A6C0FEEB70600A6A2E6 /* TwitterCredentials.m in Sources */ = {isa = PBXBuildFile; fileRef = 05B23A6B0FEEB70600A6A2E6 /* TwitterCredentials.m */; };
		05B23ACB0FEEC2AE00A6A2E6 /* InfoPlistConfigReader.m in Sources */ = {isa = PBXBuildFile; fileRef = 05B23ACA0FEEC2AE00A6A2E6 /* InfoPlistConfigReader.m */; };
		05B23B120FEEC48C00A6A2E6 /* PListUtils.m in Sources */ = {isa = PBXBuildFile; fileRef = 05B23B110FEEC48C00A6A2E6 /* PListUtils.m */; };
		1D60589B0D05DD56006BFB54 /* main.m in Sources */ = {isa = PBXBuildFile; fileRef = 29B97316FDCFA39411CA2CEA /* main.m */; };
		1D60589F0D05DD5A006BFB54 /* Foundation.framework in Frameworks */ = {isa = PBXBuildFile; fileRef = 1D30AB110D05D00D00671497 /* Foundation.framework */; };
		1DF5F4E00D08C38300B7A737 /* UIKit.framework in Frameworks */ = {isa = PBXBuildFile; fileRef = 1DF5F4DF0D08C38300B7A737 /* UIKit.framework */; };
		28216C970DB411BC00E5133A /* FirstViewController.m in Sources */ = {isa = PBXBuildFile; fileRef = 28216C960DB411BC00E5133A /* FirstViewController.m */; };
		288765080DF74369002DB57D /* CoreGraphics.framework in Frameworks */ = {isa = PBXBuildFile; fileRef = 288765070DF74369002DB57D /* CoreGraphics.framework */; };
		916BD7AC0FEEADD7007143A9 /* NetworkAwareViewController.m in Sources */ = {isa = PBXBuildFile; fileRef = 916BD79A0FEEADD7007143A9 /* NetworkAwareViewController.m */; };
		916BD7AD0FEEADD7007143A9 /* NSArray+IterationAdditions.m in Sources */ = {isa = PBXBuildFile; fileRef = 916BD79D0FEEADD7007143A9 /* NSArray+IterationAdditions.m */; };
		916BD7AE0FEEADD7007143A9 /* NSDate+IsToday.m in Sources */ = {isa = PBXBuildFile; fileRef = 916BD79F0FEEADD7007143A9 /* NSDate+IsToday.m */; };
		916BD7AF0FEEADD7007143A9 /* NSDate+LighthouseStringHelpers.m in Sources */ = {isa = PBXBuildFile; fileRef = 916BD7A10FEEADD7007143A9 /* NSDate+LighthouseStringHelpers.m */; };
		916BD7B00FEEADD7007143A9 /* NSDate+StringHelpers.m in Sources */ = {isa = PBXBuildFile; fileRef = 916BD7A30FEEADD7007143A9 /* NSDate+StringHelpers.m */; };
		916BD7B10FEEADD7007143A9 /* NSError+InstantiationAdditions.m in Sources */ = {isa = PBXBuildFile; fileRef = 916BD7A50FEEADD7007143A9 /* NSError+InstantiationAdditions.m */; };
		916BD7B20FEEADD7007143A9 /* UIColor+TwitchColors.m in Sources */ = {isa = PBXBuildFile; fileRef = 916BD7A70FEEADD7007143A9 /* UIColor+TwitchColors.m */; };
		916BD7B30FEEADD7007143A9 /* UITableViewCell+InstantiationAdditions.m in Sources */ = {isa = PBXBuildFile; fileRef = 916BD7A90FEEADD7007143A9 /* UITableViewCell+InstantiationAdditions.m */; };
		916BD7B40FEEADD7007143A9 /* UIWebView+FileLoadingAdditions.m in Sources */ = {isa = PBXBuildFile; fileRef = 916BD7AB0FEEADD7007143A9 /* UIWebView+FileLoadingAdditions.m */; };
		916BD7B80FEEAED1007143A9 /* NoDataViewController.m in Sources */ = {isa = PBXBuildFile; fileRef = 916BD7B70FEEAED1007143A9 /* NoDataViewController.m */; };
		916BD7BE0FEEAF13007143A9 /* NSObject+RuntimeAdditions.m in Sources */ = {isa = PBXBuildFile; fileRef = 916BD7BD0FEEAF13007143A9 /* NSObject+RuntimeAdditions.m */; };
		916BD7CD0FEEB11F007143A9 /* HomeIcon.png in Resources */ = {isa = PBXBuildFile; fileRef = 916BD7CC0FEEB11F007143A9 /* HomeIcon.png */; };
		916BD7CF0FEEB193007143A9 /* HomeIconWhite.png in Resources */ = {isa = PBXBuildFile; fileRef = 916BD7CE0FEEB193007143A9 /* HomeIconWhite.png */; };
		916BD7D10FEEB2DE007143A9 /* MentionsIcon.png in Resources */ = {isa = PBXBuildFile; fileRef = 916BD7D00FEEB2DE007143A9 /* MentionsIcon.png */; };
		916BD7D40FEEB49B007143A9 /* Envelope.png in Resources */ = {isa = PBXBuildFile; fileRef = 916BD7D20FEEB49B007143A9 /* Envelope.png */; };
		916BD7D50FEEB49B007143A9 /* LineChart.png in Resources */ = {isa = PBXBuildFile; fileRef = 916BD7D30FEEB49B007143A9 /* LineChart.png */; };
		916BD7D70FEEB5CB007143A9 /* Star.png in Resources */ = {isa = PBXBuildFile; fileRef = 916BD7D60FEEB5CB007143A9 /* Star.png */; };
		916BD7D90FEEB770007143A9 /* Profile.png in Resources */ = {isa = PBXBuildFile; fileRef = 916BD7D80FEEB770007143A9 /* Profile.png */; };
		916BD7DC0FEEB839007143A9 /* Gear.png in Resources */ = {isa = PBXBuildFile; fileRef = 916BD7DA0FEEB839007143A9 /* Gear.png */; };
		916BD7DD0FEEB839007143A9 /* House.png in Resources */ = {isa = PBXBuildFile; fileRef = 916BD7DB0FEEB839007143A9 /* House.png */; };
		916BD7EF0FEEB958007143A9 /* NoDataView.xib in Resources */ = {isa = PBXBuildFile; fileRef = 916BD7ED0FEEB958007143A9 /* NoDataView.xib */; };
/* End PBXBuildFile section */

/* Begin PBXFileReference section */
		052C64170FED703200B259D7 /* TwitchAppDelegate.h */ = {isa = PBXFileReference; fileEncoding = 4; lastKnownFileType = sourcecode.c.h; name = TwitchAppDelegate.h; path = "app-controller/TwitchAppDelegate.h"; sourceTree = "<group>"; };
		052C64180FED703200B259D7 /* TwitchAppDelegate.m */ = {isa = PBXFileReference; fileEncoding = 4; lastKnownFileType = sourcecode.c.objc; name = TwitchAppDelegate.m; path = "app-controller/TwitchAppDelegate.m"; sourceTree = "<group>"; };
		05B237ED0FEDB20900A6A2E6 /* MGTwitterEngine.h */ = {isa = PBXFileReference; fileEncoding = 4; lastKnownFileType = sourcecode.c.h; name = MGTwitterEngine.h; path = "vendor/mg-twitter-engine/MGTwitterEngine.h"; sourceTree = "<group>"; };
		05B237EE0FEDB20900A6A2E6 /* MGTwitterEngine.m */ = {isa = PBXFileReference; fileEncoding = 4; lastKnownFileType = sourcecode.c.objc; name = MGTwitterEngine.m; path = "vendor/mg-twitter-engine/MGTwitterEngine.m"; sourceTree = "<group>"; };
		05B237EF0FEDB20900A6A2E6 /* MGTwitterEngineDelegate.h */ = {isa = PBXFileReference; fileEncoding = 4; lastKnownFileType = sourcecode.c.h; name = MGTwitterEngineDelegate.h; path = "vendor/mg-twitter-engine/MGTwitterEngineDelegate.h"; sourceTree = "<group>"; };
		05B237F00FEDB20900A6A2E6 /* MGTwitterEngineGlobalHeader.h */ = {isa = PBXFileReference; fileEncoding = 4; lastKnownFileType = sourcecode.c.h; name = MGTwitterEngineGlobalHeader.h; path = "vendor/mg-twitter-engine/MGTwitterEngineGlobalHeader.h"; sourceTree = "<group>"; };
		05B237F10FEDB20900A6A2E6 /* MGTwitterHTTPURLConnection.h */ = {isa = PBXFileReference; fileEncoding = 4; lastKnownFileType = sourcecode.c.h; name = MGTwitterHTTPURLConnection.h; path = "vendor/mg-twitter-engine/MGTwitterHTTPURLConnection.h"; sourceTree = "<group>"; };
		05B237F20FEDB20900A6A2E6 /* MGTwitterHTTPURLConnection.m */ = {isa = PBXFileReference; fileEncoding = 4; lastKnownFileType = sourcecode.c.objc; name = MGTwitterHTTPURLConnection.m; path = "vendor/mg-twitter-engine/MGTwitterHTTPURLConnection.m"; sourceTree = "<group>"; };
		05B237F30FEDB20900A6A2E6 /* MGTwitterLibXMLParser.h */ = {isa = PBXFileReference; fileEncoding = 4; lastKnownFileType = sourcecode.c.h; name = MGTwitterLibXMLParser.h; path = "vendor/mg-twitter-engine/MGTwitterLibXMLParser.h"; sourceTree = "<group>"; };
		05B237F40FEDB20900A6A2E6 /* MGTwitterLibXMLParser.m */ = {isa = PBXFileReference; fileEncoding = 4; lastKnownFileType = sourcecode.c.objc; name = MGTwitterLibXMLParser.m; path = "vendor/mg-twitter-engine/MGTwitterLibXMLParser.m"; sourceTree = "<group>"; };
		05B237F50FEDB20900A6A2E6 /* MGTwitterMessagesLibXMLParser.h */ = {isa = PBXFileReference; fileEncoding = 4; lastKnownFileType = sourcecode.c.h; name = MGTwitterMessagesLibXMLParser.h; path = "vendor/mg-twitter-engine/MGTwitterMessagesLibXMLParser.h"; sourceTree = "<group>"; };
		05B237F60FEDB20900A6A2E6 /* MGTwitterMessagesLibXMLParser.m */ = {isa = PBXFileReference; fileEncoding = 4; lastKnownFileType = sourcecode.c.objc; name = MGTwitterMessagesLibXMLParser.m; path = "vendor/mg-twitter-engine/MGTwitterMessagesLibXMLParser.m"; sourceTree = "<group>"; };
		05B237F70FEDB20900A6A2E6 /* MGTwitterMessagesParser.h */ = {isa = PBXFileReference; fileEncoding = 4; lastKnownFileType = sourcecode.c.h; name = MGTwitterMessagesParser.h; path = "vendor/mg-twitter-engine/MGTwitterMessagesParser.h"; sourceTree = "<group>"; };
		05B237F80FEDB20900A6A2E6 /* MGTwitterMessagesParser.m */ = {isa = PBXFileReference; fileEncoding = 4; lastKnownFileType = sourcecode.c.objc; name = MGTwitterMessagesParser.m; path = "vendor/mg-twitter-engine/MGTwitterMessagesParser.m"; sourceTree = "<group>"; };
		05B237F90FEDB20900A6A2E6 /* MGTwitterMiscLibXMLParser.h */ = {isa = PBXFileReference; fileEncoding = 4; lastKnownFileType = sourcecode.c.h; name = MGTwitterMiscLibXMLParser.h; path = "vendor/mg-twitter-engine/MGTwitterMiscLibXMLParser.h"; sourceTree = "<group>"; };
		05B237FA0FEDB20900A6A2E6 /* MGTwitterMiscLibXMLParser.m */ = {isa = PBXFileReference; fileEncoding = 4; lastKnownFileType = sourcecode.c.objc; name = MGTwitterMiscLibXMLParser.m; path = "vendor/mg-twitter-engine/MGTwitterMiscLibXMLParser.m"; sourceTree = "<group>"; };
		05B237FB0FEDB20900A6A2E6 /* MGTwitterMiscParser.h */ = {isa = PBXFileReference; fileEncoding = 4; lastKnownFileType = sourcecode.c.h; name = MGTwitterMiscParser.h; path = "vendor/mg-twitter-engine/MGTwitterMiscParser.h"; sourceTree = "<group>"; };
		05B237FC0FEDB20900A6A2E6 /* MGTwitterMiscParser.m */ = {isa = PBXFileReference; fileEncoding = 4; lastKnownFileType = sourcecode.c.objc; name = MGTwitterMiscParser.m; path = "vendor/mg-twitter-engine/MGTwitterMiscParser.m"; sourceTree = "<group>"; };
		05B237FD0FEDB20900A6A2E6 /* MGTwitterParserDelegate.h */ = {isa = PBXFileReference; fileEncoding = 4; lastKnownFileType = sourcecode.c.h; name = MGTwitterParserDelegate.h; path = "vendor/mg-twitter-engine/MGTwitterParserDelegate.h"; sourceTree = "<group>"; };
		05B237FE0FEDB20900A6A2E6 /* MGTwitterRequestTypes.h */ = {isa = PBXFileReference; fileEncoding = 4; lastKnownFileType = sourcecode.c.h; name = MGTwitterRequestTypes.h; path = "vendor/mg-twitter-engine/MGTwitterRequestTypes.h"; sourceTree = "<group>"; };
		05B237FF0FEDB20900A6A2E6 /* MGTwitterStatusesLibXMLParser.h */ = {isa = PBXFileReference; fileEncoding = 4; lastKnownFileType = sourcecode.c.h; name = MGTwitterStatusesLibXMLParser.h; path = "vendor/mg-twitter-engine/MGTwitterStatusesLibXMLParser.h"; sourceTree = "<group>"; };
		05B238000FEDB20900A6A2E6 /* MGTwitterStatusesLibXMLParser.m */ = {isa = PBXFileReference; fileEncoding = 4; lastKnownFileType = sourcecode.c.objc; name = MGTwitterStatusesLibXMLParser.m; path = "vendor/mg-twitter-engine/MGTwitterStatusesLibXMLParser.m"; sourceTree = "<group>"; };
		05B238010FEDB20900A6A2E6 /* MGTwitterStatusesParser.h */ = {isa = PBXFileReference; fileEncoding = 4; lastKnownFileType = sourcecode.c.h; name = MGTwitterStatusesParser.h; path = "vendor/mg-twitter-engine/MGTwitterStatusesParser.h"; sourceTree = "<group>"; };
		05B238020FEDB20900A6A2E6 /* MGTwitterStatusesParser.m */ = {isa = PBXFileReference; fileEncoding = 4; lastKnownFileType = sourcecode.c.objc; name = MGTwitterStatusesParser.m; path = "vendor/mg-twitter-engine/MGTwitterStatusesParser.m"; sourceTree = "<group>"; };
		05B238030FEDB20900A6A2E6 /* MGTwitterUsersLibXMLParser.h */ = {isa = PBXFileReference; fileEncoding = 4; lastKnownFileType = sourcecode.c.h; name = MGTwitterUsersLibXMLParser.h; path = "vendor/mg-twitter-engine/MGTwitterUsersLibXMLParser.h"; sourceTree = "<group>"; };
		05B238040FEDB20900A6A2E6 /* MGTwitterUsersLibXMLParser.m */ = {isa = PBXFileReference; fileEncoding = 4; lastKnownFileType = sourcecode.c.objc; name = MGTwitterUsersLibXMLParser.m; path = "vendor/mg-twitter-engine/MGTwitterUsersLibXMLParser.m"; sourceTree = "<group>"; };
		05B238050FEDB20900A6A2E6 /* MGTwitterUsersParser.h */ = {isa = PBXFileReference; fileEncoding = 4; lastKnownFileType = sourcecode.c.h; name = MGTwitterUsersParser.h; path = "vendor/mg-twitter-engine/MGTwitterUsersParser.h"; sourceTree = "<group>"; };
		05B238060FEDB20900A6A2E6 /* MGTwitterUsersParser.m */ = {isa = PBXFileReference; fileEncoding = 4; lastKnownFileType = sourcecode.c.objc; name = MGTwitterUsersParser.m; path = "vendor/mg-twitter-engine/MGTwitterUsersParser.m"; sourceTree = "<group>"; };
		05B238070FEDB20900A6A2E6 /* MGTwitterXMLParser.h */ = {isa = PBXFileReference; fileEncoding = 4; lastKnownFileType = sourcecode.c.h; name = MGTwitterXMLParser.h; path = "vendor/mg-twitter-engine/MGTwitterXMLParser.h"; sourceTree = "<group>"; };
		05B238080FEDB20900A6A2E6 /* MGTwitterXMLParser.m */ = {isa = PBXFileReference; fileEncoding = 4; lastKnownFileType = sourcecode.c.objc; name = MGTwitterXMLParser.m; path = "vendor/mg-twitter-engine/MGTwitterXMLParser.m"; sourceTree = "<group>"; };
		05B238090FEDB20900A6A2E6 /* NSData+Base64.h */ = {isa = PBXFileReference; fileEncoding = 4; lastKnownFileType = sourcecode.c.h; name = "NSData+Base64.h"; path = "vendor/mg-twitter-engine/NSData+Base64.h"; sourceTree = "<group>"; };
		05B2380A0FEDB20900A6A2E6 /* NSData+Base64.m */ = {isa = PBXFileReference; fileEncoding = 4; lastKnownFileType = sourcecode.c.objc; name = "NSData+Base64.m"; path = "vendor/mg-twitter-engine/NSData+Base64.m"; sourceTree = "<group>"; };
		05B2380B0FEDB20900A6A2E6 /* NSString+UUID.h */ = {isa = PBXFileReference; fileEncoding = 4; lastKnownFileType = sourcecode.c.h; name = "NSString+UUID.h"; path = "vendor/mg-twitter-engine/NSString+UUID.h"; sourceTree = "<group>"; };
		05B2380C0FEDB20900A6A2E6 /* NSString+UUID.m */ = {isa = PBXFileReference; fileEncoding = 4; lastKnownFileType = sourcecode.c.objc; name = "NSString+UUID.m"; path = "vendor/mg-twitter-engine/NSString+UUID.m"; sourceTree = "<group>"; };
		05B238310FEDBA6600A6A2E6 /* libxml2.dylib */ = {isa = PBXFileReference; lastKnownFileType = "compiled.mach-o.dylib"; name = libxml2.dylib; path = usr/lib/libxml2.dylib; sourceTree = SDKROOT; };
		05B2387B0FEDC15800A6A2E6 /* DeviceRegistrar.h */ = {isa = PBXFileReference; fileEncoding = 4; lastKnownFileType = sourcecode.c.h; name = DeviceRegistrar.h; path = "push-notifications/DeviceRegistrar.h"; sourceTree = "<group>"; };
		05B2387C0FEDC15800A6A2E6 /* DeviceRegistrar.m */ = {isa = PBXFileReference; fileEncoding = 4; lastKnownFileType = sourcecode.c.objc; name = DeviceRegistrar.m; path = "push-notifications/DeviceRegistrar.m"; sourceTree = "<group>"; };
		05B2387F0FEDC29400A6A2E6 /* LogInDisplayMgr.h */ = {isa = PBXFileReference; fileEncoding = 4; lastKnownFileType = sourcecode.c.h; name = LogInDisplayMgr.h; path = "log-in/LogInDisplayMgr.h"; sourceTree = "<group>"; };
		05B238800FEDC29400A6A2E6 /* LogInDisplayMgr.m */ = {isa = PBXFileReference; fileEncoding = 4; lastKnownFileType = sourcecode.c.objc; name = LogInDisplayMgr.m; path = "log-in/LogInDisplayMgr.m"; sourceTree = "<group>"; };
		05B238830FEDC34200A6A2E6 /* en */ = {isa = PBXFileReference; lastKnownFileType = file.xib; name = en; path = nibs/en.lproj/MainWindow.xib; sourceTree = "<group>"; };
		05B238890FEDC35400A6A2E6 /* en */ = {isa = PBXFileReference; lastKnownFileType = file.xib; name = en; path = nibs/en.lproj/LogInView.xib; sourceTree = "<group>"; };
		05B238DF0FEDC4F700A6A2E6 /* LogInViewController.h */ = {isa = PBXFileReference; fileEncoding = 4; lastKnownFileType = sourcecode.c.h; name = LogInViewController.h; path = "log-in/LogInViewController.h"; sourceTree = "<group>"; };
		05B238E00FEDC4F700A6A2E6 /* LogInViewController.m */ = {isa = PBXFileReference; fileEncoding = 4; lastKnownFileType = sourcecode.c.objc; name = LogInViewController.m; path = "log-in/LogInViewController.m"; sourceTree = "<group>"; };
		05B238E10FEDC4F700A6A2E6 /* LogInViewControllerDelegate.h */ = {isa = PBXFileReference; fileEncoding = 4; lastKnownFileType = sourcecode.c.h; name = LogInViewControllerDelegate.h; path = "log-in/LogInViewControllerDelegate.h"; sourceTree = "<group>"; };
		05B2393D0FEDD06D00A6A2E6 /* UIAlertView+InstantiationAdditions.h */ = {isa = PBXFileReference; fileEncoding = 4; lastKnownFileType = sourcecode.c.h; name = "UIAlertView+InstantiationAdditions.h"; path = "shared/UIAlertView+InstantiationAdditions.h"; sourceTree = "<group>"; };
		05B2393E0FEDD06D00A6A2E6 /* UIAlertView+InstantiationAdditions.m */ = {isa = PBXFileReference; fileEncoding = 4; lastKnownFileType = sourcecode.c.objc; name = "UIAlertView+InstantiationAdditions.m"; path = "shared/UIAlertView+InstantiationAdditions.m"; sourceTree = "<group>"; };
		05B239480FEDD10900A6A2E6 /* en */ = {isa = PBXFileReference; fileEncoding = 4; lastKnownFileType = text.plist.strings; name = en; path = Localizable.strings; sourceTree = "<group>"; };
		05B239650FEDD1E500A6A2E6 /* AbstractUpdatePublisher.h */ = {isa = PBXFileReference; fileEncoding = 4; lastKnownFileType = sourcecode.c.h; name = AbstractUpdatePublisher.h; path = publishers/AbstractUpdatePublisher.h; sourceTree = "<group>"; };
		05B239660FEDD1E500A6A2E6 /* AbstractUpdatePublisher.m */ = {isa = PBXFileReference; fileEncoding = 4; lastKnownFileType = sourcecode.c.objc; name = AbstractUpdatePublisher.m; path = publishers/AbstractUpdatePublisher.m; sourceTree = "<group>"; };
		05B2396A0FEDD21B00A6A2E6 /* CredentialsUpdatePublisher.h */ = {isa = PBXFileReference; fileEncoding = 4; lastKnownFileType = sourcecode.c.h; name = CredentialsUpdatePublisher.h; path = publishers/CredentialsUpdatePublisher.h; sourceTree = "<group>"; };
		05B2396B0FEDD21B00A6A2E6 /* CredentialsUpdatePublisher.m */ = {isa = PBXFileReference; fileEncoding = 4; lastKnownFileType = sourcecode.c.objc; name = CredentialsUpdatePublisher.m; path = publishers/CredentialsUpdatePublisher.m; sourceTree = "<group>"; };
		05B239F00FEEABBB00A6A2E6 /* twitch.xcdatamodel */ = {isa = PBXFileReference; fileEncoding = 4; lastKnownFileType = wrapper.xcdatamodel; name = twitch.xcdatamodel; path = "data-model/twitch.xcdatamodel"; sourceTree = "<group>"; };
		05B23A310FEEB29D00A6A2E6 /* CoreData.framework */ = {isa = PBXFileReference; lastKnownFileType = wrapper.framework; name = CoreData.framework; path = System/Library/Frameworks/CoreData.framework; sourceTree = SDKROOT; };
		05B23A5E0FEEB59C00A6A2E6 /* Account.h */ = {isa = PBXFileReference; fileEncoding = 4; lastKnownFileType = sourcecode.c.h; name = Account.h; path = users/Account.h; sourceTree = "<group>"; };
		05B23A5F0FEEB59C00A6A2E6 /* Account.m */ = {isa = PBXFileReference; fileEncoding = 4; lastKnownFileType = sourcecode.c.objc; name = Account.m; path = users/Account.m; sourceTree = "<group>"; };
		05B23A6A0FEEB70600A6A2E6 /* TwitterCredentials.h */ = {isa = PBXFileReference; fileEncoding = 4; lastKnownFileType = sourcecode.c.h; name = TwitterCredentials.h; path = twitter/TwitterCredentials.h; sourceTree = "<group>"; };
		05B23A6B0FEEB70600A6A2E6 /* TwitterCredentials.m */ = {isa = PBXFileReference; fileEncoding = 4; lastKnownFileType = sourcecode.c.objc; name = TwitterCredentials.m; path = twitter/TwitterCredentials.m; sourceTree = "<group>"; };
		05B23AC20FEEC09800A6A2E6 /* DeviceRegistrarDelegate.h */ = {isa = PBXFileReference; fileEncoding = 4; lastKnownFileType = sourcecode.c.h; name = DeviceRegistrarDelegate.h; path = "push-notifications/DeviceRegistrarDelegate.h"; sourceTree = "<group>"; };
		05B23AC80FEEC2AE00A6A2E6 /* ConfigReader.h */ = {isa = PBXFileReference; fileEncoding = 4; lastKnownFileType = sourcecode.c.h; name = ConfigReader.h; path = configuration/ConfigReader.h; sourceTree = "<group>"; };
		05B23AC90FEEC2AE00A6A2E6 /* InfoPlistConfigReader.h */ = {isa = PBXFileReference; fileEncoding = 4; lastKnownFileType = sourcecode.c.h; name = InfoPlistConfigReader.h; path = configuration/InfoPlistConfigReader.h; sourceTree = "<group>"; };
		05B23ACA0FEEC2AE00A6A2E6 /* InfoPlistConfigReader.m */ = {isa = PBXFileReference; fileEncoding = 4; lastKnownFileType = sourcecode.c.objc; name = InfoPlistConfigReader.m; path = configuration/InfoPlistConfigReader.m; sourceTree = "<group>"; };
		05B23B100FEEC48C00A6A2E6 /* PListUtils.h */ = {isa = PBXFileReference; fileEncoding = 4; lastKnownFileType = sourcecode.c.h; name = PListUtils.h; path = shared/PListUtils.h; sourceTree = "<group>"; };
		05B23B110FEEC48C00A6A2E6 /* PListUtils.m */ = {isa = PBXFileReference; fileEncoding = 4; lastKnownFileType = sourcecode.c.objc; name = PListUtils.m; path = shared/PListUtils.m; sourceTree = "<group>"; };
		1D30AB110D05D00D00671497 /* Foundation.framework */ = {isa = PBXFileReference; lastKnownFileType = wrapper.framework; name = Foundation.framework; path = System/Library/Frameworks/Foundation.framework; sourceTree = SDKROOT; };
		1D6058910D05DD3D006BFB54 /* Twitch.app */ = {isa = PBXFileReference; explicitFileType = wrapper.application; includeInIndex = 0; path = Twitch.app; sourceTree = BUILT_PRODUCTS_DIR; };
		1DF5F4DF0D08C38300B7A737 /* UIKit.framework */ = {isa = PBXFileReference; lastKnownFileType = wrapper.framework; name = UIKit.framework; path = System/Library/Frameworks/UIKit.framework; sourceTree = SDKROOT; };
		28216C950DB411BC00E5133A /* FirstViewController.h */ = {isa = PBXFileReference; fileEncoding = 4; lastKnownFileType = sourcecode.c.h; name = FirstViewController.h; path = Classes/FirstViewController.h; sourceTree = "<group>"; };
		28216C960DB411BC00E5133A /* FirstViewController.m */ = {isa = PBXFileReference; fileEncoding = 4; lastKnownFileType = sourcecode.c.objc; name = FirstViewController.m; path = Classes/FirstViewController.m; sourceTree = "<group>"; };
		288765070DF74369002DB57D /* CoreGraphics.framework */ = {isa = PBXFileReference; lastKnownFileType = wrapper.framework; name = CoreGraphics.framework; path = System/Library/Frameworks/CoreGraphics.framework; sourceTree = SDKROOT; };
		28A0AB4B0D9B1048005BE974 /* twitch_Prefix.pch */ = {isa = PBXFileReference; fileEncoding = 4; lastKnownFileType = sourcecode.c.h; path = twitch_Prefix.pch; sourceTree = "<group>"; };
		29B97316FDCFA39411CA2CEA /* main.m */ = {isa = PBXFileReference; fileEncoding = 4; lastKnownFileType = sourcecode.c.objc; path = main.m; sourceTree = "<group>"; };
		8D1107310486CEB800E47090 /* twitch-Info.plist */ = {isa = PBXFileReference; fileEncoding = 4; lastKnownFileType = text.plist.xml; path = "twitch-Info.plist"; plistStructureDefinitionIdentifier = "com.apple.xcode.plist.structure-definition.iphone.info-plist"; sourceTree = "<group>"; };
		916BD7990FEEADD7007143A9 /* NetworkAwareViewController.h */ = {isa = PBXFileReference; fileEncoding = 4; lastKnownFileType = sourcecode.c.h; name = NetworkAwareViewController.h; path = shared/NetworkAwareViewController.h; sourceTree = "<group>"; };
		916BD79A0FEEADD7007143A9 /* NetworkAwareViewController.m */ = {isa = PBXFileReference; fileEncoding = 4; lastKnownFileType = sourcecode.c.objc; name = NetworkAwareViewController.m; path = shared/NetworkAwareViewController.m; sourceTree = "<group>"; };
		916BD79B0FEEADD7007143A9 /* NetworkAwareViewControllerDelegate.h */ = {isa = PBXFileReference; fileEncoding = 4; lastKnownFileType = sourcecode.c.h; name = NetworkAwareViewControllerDelegate.h; path = shared/NetworkAwareViewControllerDelegate.h; sourceTree = "<group>"; };
		916BD79C0FEEADD7007143A9 /* NSArray+IterationAdditions.h */ = {isa = PBXFileReference; fileEncoding = 4; lastKnownFileType = sourcecode.c.h; name = "NSArray+IterationAdditions.h"; path = "shared/NSArray+IterationAdditions.h"; sourceTree = "<group>"; };
		916BD79D0FEEADD7007143A9 /* NSArray+IterationAdditions.m */ = {isa = PBXFileReference; fileEncoding = 4; lastKnownFileType = sourcecode.c.objc; name = "NSArray+IterationAdditions.m"; path = "shared/NSArray+IterationAdditions.m"; sourceTree = "<group>"; };
		916BD79E0FEEADD7007143A9 /* NSDate+IsToday.h */ = {isa = PBXFileReference; fileEncoding = 4; lastKnownFileType = sourcecode.c.h; name = "NSDate+IsToday.h"; path = "shared/NSDate+IsToday.h"; sourceTree = "<group>"; };
		916BD79F0FEEADD7007143A9 /* NSDate+IsToday.m */ = {isa = PBXFileReference; fileEncoding = 4; lastKnownFileType = sourcecode.c.objc; name = "NSDate+IsToday.m"; path = "shared/NSDate+IsToday.m"; sourceTree = "<group>"; };
		916BD7A00FEEADD7007143A9 /* NSDate+LighthouseStringHelpers.h */ = {isa = PBXFileReference; fileEncoding = 4; lastKnownFileType = sourcecode.c.h; name = "NSDate+LighthouseStringHelpers.h"; path = "shared/NSDate+LighthouseStringHelpers.h"; sourceTree = "<group>"; };
		916BD7A10FEEADD7007143A9 /* NSDate+LighthouseStringHelpers.m */ = {isa = PBXFileReference; fileEncoding = 4; lastKnownFileType = sourcecode.c.objc; name = "NSDate+LighthouseStringHelpers.m"; path = "shared/NSDate+LighthouseStringHelpers.m"; sourceTree = "<group>"; };
		916BD7A20FEEADD7007143A9 /* NSDate+StringHelpers.h */ = {isa = PBXFileReference; fileEncoding = 4; lastKnownFileType = sourcecode.c.h; name = "NSDate+StringHelpers.h"; path = "shared/NSDate+StringHelpers.h"; sourceTree = "<group>"; };
		916BD7A30FEEADD7007143A9 /* NSDate+StringHelpers.m */ = {isa = PBXFileReference; fileEncoding = 4; lastKnownFileType = sourcecode.c.objc; name = "NSDate+StringHelpers.m"; path = "shared/NSDate+StringHelpers.m"; sourceTree = "<group>"; };
		916BD7A40FEEADD7007143A9 /* NSError+InstantiationAdditions.h */ = {isa = PBXFileReference; fileEncoding = 4; lastKnownFileType = sourcecode.c.h; name = "NSError+InstantiationAdditions.h"; path = "shared/NSError+InstantiationAdditions.h"; sourceTree = "<group>"; };
		916BD7A50FEEADD7007143A9 /* NSError+InstantiationAdditions.m */ = {isa = PBXFileReference; fileEncoding = 4; lastKnownFileType = sourcecode.c.objc; name = "NSError+InstantiationAdditions.m"; path = "shared/NSError+InstantiationAdditions.m"; sourceTree = "<group>"; };
		916BD7A60FEEADD7007143A9 /* UIColor+TwitchColors.h */ = {isa = PBXFileReference; fileEncoding = 4; lastKnownFileType = sourcecode.c.h; name = "UIColor+TwitchColors.h"; path = "shared/UIColor+TwitchColors.h"; sourceTree = "<group>"; };
		916BD7A70FEEADD7007143A9 /* UIColor+TwitchColors.m */ = {isa = PBXFileReference; fileEncoding = 4; lastKnownFileType = sourcecode.c.objc; name = "UIColor+TwitchColors.m"; path = "shared/UIColor+TwitchColors.m"; sourceTree = "<group>"; };
		916BD7A80FEEADD7007143A9 /* UITableViewCell+InstantiationAdditions.h */ = {isa = PBXFileReference; fileEncoding = 4; lastKnownFileType = sourcecode.c.h; name = "UITableViewCell+InstantiationAdditions.h"; path = "shared/UITableViewCell+InstantiationAdditions.h"; sourceTree = "<group>"; };
		916BD7A90FEEADD7007143A9 /* UITableViewCell+InstantiationAdditions.m */ = {isa = PBXFileReference; fileEncoding = 4; lastKnownFileType = sourcecode.c.objc; name = "UITableViewCell+InstantiationAdditions.m"; path = "shared/UITableViewCell+InstantiationAdditions.m"; sourceTree = "<group>"; };
		916BD7AA0FEEADD7007143A9 /* UIWebView+FileLoadingAdditions.h */ = {isa = PBXFileReference; fileEncoding = 4; lastKnownFileType = sourcecode.c.h; name = "UIWebView+FileLoadingAdditions.h"; path = "shared/UIWebView+FileLoadingAdditions.h"; sourceTree = "<group>"; };
		916BD7AB0FEEADD7007143A9 /* UIWebView+FileLoadingAdditions.m */ = {isa = PBXFileReference; fileEncoding = 4; lastKnownFileType = sourcecode.c.objc; name = "UIWebView+FileLoadingAdditions.m"; path = "shared/UIWebView+FileLoadingAdditions.m"; sourceTree = "<group>"; };
		916BD7B60FEEAED1007143A9 /* NoDataViewController.h */ = {isa = PBXFileReference; fileEncoding = 4; lastKnownFileType = sourcecode.c.h; name = NoDataViewController.h; path = shared/NoDataViewController.h; sourceTree = "<group>"; };
		916BD7B70FEEAED1007143A9 /* NoDataViewController.m */ = {isa = PBXFileReference; fileEncoding = 4; lastKnownFileType = sourcecode.c.objc; name = NoDataViewController.m; path = shared/NoDataViewController.m; sourceTree = "<group>"; };
		916BD7BC0FEEAF13007143A9 /* NSObject+RuntimeAdditions.h */ = {isa = PBXFileReference; fileEncoding = 4; lastKnownFileType = sourcecode.c.h; name = "NSObject+RuntimeAdditions.h"; path = "shared/NSObject+RuntimeAdditions.h"; sourceTree = "<group>"; };
		916BD7BD0FEEAF13007143A9 /* NSObject+RuntimeAdditions.m */ = {isa = PBXFileReference; fileEncoding = 4; lastKnownFileType = sourcecode.c.objc; name = "NSObject+RuntimeAdditions.m"; path = "shared/NSObject+RuntimeAdditions.m"; sourceTree = "<group>"; };
		916BD7CC0FEEB11F007143A9 /* HomeIcon.png */ = {isa = PBXFileReference; lastKnownFileType = image.png; name = HomeIcon.png; path = images/HomeIcon.png; sourceTree = "<group>"; };
		916BD7CE0FEEB193007143A9 /* HomeIconWhite.png */ = {isa = PBXFileReference; lastKnownFileType = image.png; name = HomeIconWhite.png; path = images/HomeIconWhite.png; sourceTree = "<group>"; };
		916BD7D00FEEB2DE007143A9 /* MentionsIcon.png */ = {isa = PBXFileReference; lastKnownFileType = image.png; name = MentionsIcon.png; path = images/MentionsIcon.png; sourceTree = "<group>"; };
		916BD7D20FEEB49B007143A9 /* Envelope.png */ = {isa = PBXFileReference; lastKnownFileType = image.png; name = Envelope.png; path = images/Envelope.png; sourceTree = "<group>"; };
		916BD7D30FEEB49B007143A9 /* LineChart.png */ = {isa = PBXFileReference; lastKnownFileType = image.png; name = LineChart.png; path = images/LineChart.png; sourceTree = "<group>"; };
		916BD7D60FEEB5CB007143A9 /* Star.png */ = {isa = PBXFileReference; lastKnownFileType = image.png; name = Star.png; path = images/Star.png; sourceTree = "<group>"; };
		916BD7D80FEEB770007143A9 /* Profile.png */ = {isa = PBXFileReference; lastKnownFileType = image.png; name = Profile.png; path = images/Profile.png; sourceTree = "<group>"; };
		916BD7DA0FEEB839007143A9 /* Gear.png */ = {isa = PBXFileReference; lastKnownFileType = image.png; name = Gear.png; path = images/Gear.png; sourceTree = "<group>"; };
		916BD7DB0FEEB839007143A9 /* House.png */ = {isa = PBXFileReference; lastKnownFileType = image.png; name = House.png; path = images/House.png; sourceTree = "<group>"; };
		916BD7EE0FEEB958007143A9 /* en */ = {isa = PBXFileReference; lastKnownFileType = file.xib; name = en; path = nibs/en.lproj/NoDataView.xib; sourceTree = "<group>"; };
/* End PBXFileReference section */

/* Begin PBXFrameworksBuildPhase section */
		1D60588F0D05DD3D006BFB54 /* Frameworks */ = {
			isa = PBXFrameworksBuildPhase;
			buildActionMask = 2147483647;
			files = (
				1D60589F0D05DD5A006BFB54 /* Foundation.framework in Frameworks */,
				1DF5F4E00D08C38300B7A737 /* UIKit.framework in Frameworks */,
				288765080DF74369002DB57D /* CoreGraphics.framework in Frameworks */,
				05B238320FEDBA6600A6A2E6 /* libxml2.dylib in Frameworks */,
				05B23A320FEEB29D00A6A2E6 /* CoreData.framework in Frameworks */,
			);
			runOnlyForDeploymentPostprocessing = 0;
		};
/* End PBXFrameworksBuildPhase section */

/* Begin PBXGroup section */
		052C64150FED700B00B259D7 /* app-controller */ = {
			isa = PBXGroup;
			children = (
				052C64170FED703200B259D7 /* TwitchAppDelegate.h */,
				052C64180FED703200B259D7 /* TwitchAppDelegate.m */,
			);
			name = "app-controller";
			sourceTree = "<group>";
		};
		055B78280FED7D31008859F7 /* push-notifications */ = {
			isa = PBXGroup;
			children = (
				05B2387B0FEDC15800A6A2E6 /* DeviceRegistrar.h */,
				05B2387C0FEDC15800A6A2E6 /* DeviceRegistrar.m */,
				05B23AC20FEEC09800A6A2E6 /* DeviceRegistrarDelegate.h */,
			);
			name = "push-notifications";
			sourceTree = "<group>";
		};
		055B791E0FEDB1B9008859F7 /* vendor */ = {
			isa = PBXGroup;
			children = (
				05B237EB0FEDB1FA00A6A2E6 /* mg-twitter-engine */,
			);
			name = vendor;
			sourceTree = "<group>";
		};
		05B237EB0FEDB1FA00A6A2E6 /* mg-twitter-engine */ = {
			isa = PBXGroup;
			children = (
				05B237ED0FEDB20900A6A2E6 /* MGTwitterEngine.h */,
				05B237EE0FEDB20900A6A2E6 /* MGTwitterEngine.m */,
				05B237EF0FEDB20900A6A2E6 /* MGTwitterEngineDelegate.h */,
				05B237F00FEDB20900A6A2E6 /* MGTwitterEngineGlobalHeader.h */,
				05B237F10FEDB20900A6A2E6 /* MGTwitterHTTPURLConnection.h */,
				05B237F20FEDB20900A6A2E6 /* MGTwitterHTTPURLConnection.m */,
				05B237F30FEDB20900A6A2E6 /* MGTwitterLibXMLParser.h */,
				05B237F40FEDB20900A6A2E6 /* MGTwitterLibXMLParser.m */,
				05B237F50FEDB20900A6A2E6 /* MGTwitterMessagesLibXMLParser.h */,
				05B237F60FEDB20900A6A2E6 /* MGTwitterMessagesLibXMLParser.m */,
				05B237F70FEDB20900A6A2E6 /* MGTwitterMessagesParser.h */,
				05B237F80FEDB20900A6A2E6 /* MGTwitterMessagesParser.m */,
				05B237F90FEDB20900A6A2E6 /* MGTwitterMiscLibXMLParser.h */,
				05B237FA0FEDB20900A6A2E6 /* MGTwitterMiscLibXMLParser.m */,
				05B237FB0FEDB20900A6A2E6 /* MGTwitterMiscParser.h */,
				05B237FC0FEDB20900A6A2E6 /* MGTwitterMiscParser.m */,
				05B237FD0FEDB20900A6A2E6 /* MGTwitterParserDelegate.h */,
				05B237FE0FEDB20900A6A2E6 /* MGTwitterRequestTypes.h */,
				05B237FF0FEDB20900A6A2E6 /* MGTwitterStatusesLibXMLParser.h */,
				05B238000FEDB20900A6A2E6 /* MGTwitterStatusesLibXMLParser.m */,
				05B238010FEDB20900A6A2E6 /* MGTwitterStatusesParser.h */,
				05B238020FEDB20900A6A2E6 /* MGTwitterStatusesParser.m */,
				05B238030FEDB20900A6A2E6 /* MGTwitterUsersLibXMLParser.h */,
				05B238040FEDB20900A6A2E6 /* MGTwitterUsersLibXMLParser.m */,
				05B238050FEDB20900A6A2E6 /* MGTwitterUsersParser.h */,
				05B238060FEDB20900A6A2E6 /* MGTwitterUsersParser.m */,
				05B238070FEDB20900A6A2E6 /* MGTwitterXMLParser.h */,
				05B238080FEDB20900A6A2E6 /* MGTwitterXMLParser.m */,
				05B238090FEDB20900A6A2E6 /* NSData+Base64.h */,
				05B2380A0FEDB20900A6A2E6 /* NSData+Base64.m */,
				05B2380B0FEDB20900A6A2E6 /* NSString+UUID.h */,
				05B2380C0FEDB20900A6A2E6 /* NSString+UUID.m */,
			);
			name = "mg-twitter-engine";
			sourceTree = "<group>";
		};
		05B2387E0FEDC25F00A6A2E6 /* log-in */ = {
			isa = PBXGroup;
			children = (
				05B2387F0FEDC29400A6A2E6 /* LogInDisplayMgr.h */,
				05B238800FEDC29400A6A2E6 /* LogInDisplayMgr.m */,
				05B238DF0FEDC4F700A6A2E6 /* LogInViewController.h */,
				05B238E00FEDC4F700A6A2E6 /* LogInViewController.m */,
				05B238E10FEDC4F700A6A2E6 /* LogInViewControllerDelegate.h */,
			);
			name = "log-in";
			sourceTree = "<group>";
		};
		05B238F30FEDC85300A6A2E6 /* users */ = {
			isa = PBXGroup;
			children = (
				05B23A5E0FEEB59C00A6A2E6 /* Account.h */,
				05B23A5F0FEEB59C00A6A2E6 /* Account.m */,
			);
			name = users;
			sourceTree = "<group>";
		};
		05B238F80FEDC8EE00A6A2E6 /* twitter */ = {
			isa = PBXGroup;
			children = (
				05B23A6A0FEEB70600A6A2E6 /* TwitterCredentials.h */,
				05B23A6B0FEEB70600A6A2E6 /* TwitterCredentials.m */,
			);
			name = twitter;
			sourceTree = "<group>";
		};
		05B2393C0FEDD05E00A6A2E6 /* shared */ = {
			isa = PBXGroup;
			children = (
				916BD7BC0FEEAF13007143A9 /* NSObject+RuntimeAdditions.h */,
				916BD7BD0FEEAF13007143A9 /* NSObject+RuntimeAdditions.m */,
				916BD7B60FEEAED1007143A9 /* NoDataViewController.h */,
				916BD7B70FEEAED1007143A9 /* NoDataViewController.m */,
				916BD7990FEEADD7007143A9 /* NetworkAwareViewController.h */,
				916BD79A0FEEADD7007143A9 /* NetworkAwareViewController.m */,
				916BD79B0FEEADD7007143A9 /* NetworkAwareViewControllerDelegate.h */,
				916BD79C0FEEADD7007143A9 /* NSArray+IterationAdditions.h */,
				916BD79D0FEEADD7007143A9 /* NSArray+IterationAdditions.m */,
				916BD79E0FEEADD7007143A9 /* NSDate+IsToday.h */,
				916BD79F0FEEADD7007143A9 /* NSDate+IsToday.m */,
				916BD7A00FEEADD7007143A9 /* NSDate+LighthouseStringHelpers.h */,
				916BD7A10FEEADD7007143A9 /* NSDate+LighthouseStringHelpers.m */,
				916BD7A20FEEADD7007143A9 /* NSDate+StringHelpers.h */,
				916BD7A30FEEADD7007143A9 /* NSDate+StringHelpers.m */,
				916BD7A40FEEADD7007143A9 /* NSError+InstantiationAdditions.h */,
				916BD7A50FEEADD7007143A9 /* NSError+InstantiationAdditions.m */,
				916BD7A60FEEADD7007143A9 /* UIColor+TwitchColors.h */,
				916BD7A70FEEADD7007143A9 /* UIColor+TwitchColors.m */,
				916BD7A80FEEADD7007143A9 /* UITableViewCell+InstantiationAdditions.h */,
				916BD7A90FEEADD7007143A9 /* UITableViewCell+InstantiationAdditions.m */,
				916BD7AA0FEEADD7007143A9 /* UIWebView+FileLoadingAdditions.h */,
				916BD7AB0FEEADD7007143A9 /* UIWebView+FileLoadingAdditions.m */,
				05B2393D0FEDD06D00A6A2E6 /* UIAlertView+InstantiationAdditions.h */,
				05B2393E0FEDD06D00A6A2E6 /* UIAlertView+InstantiationAdditions.m */,
				05B23B100FEEC48C00A6A2E6 /* PListUtils.h */,
				05B23B110FEEC48C00A6A2E6 /* PListUtils.m */,
			);
			name = shared;
			sourceTree = "<group>";
		};
		05B239440FEDD0E400A6A2E6 /* nibs */ = {
			isa = PBXGroup;
			children = (
				916BD7ED0FEEB958007143A9 /* NoDataView.xib */,
				05B238820FEDC34200A6A2E6 /* MainWindow.xib */,
				05B238880FEDC35400A6A2E6 /* LogInView.xib */,
			);
			name = nibs;
			sourceTree = "<group>";
		};
		05B239450FEDD0F800A6A2E6 /* strings */ = {
			isa = PBXGroup;
			children = (
				05B239470FEDD10900A6A2E6 /* Localizable.strings */,
			);
			name = strings;
			sourceTree = "<group>";
		};
		05B239620FEDD1A400A6A2E6 /* publishers */ = {
			isa = PBXGroup;
			children = (
				05B239650FEDD1E500A6A2E6 /* AbstractUpdatePublisher.h */,
				05B239660FEDD1E500A6A2E6 /* AbstractUpdatePublisher.m */,
				05B2396A0FEDD21B00A6A2E6 /* CredentialsUpdatePublisher.h */,
				05B2396B0FEDD21B00A6A2E6 /* CredentialsUpdatePublisher.m */,
			);
			name = publishers;
			sourceTree = "<group>";
		};
		05B23A040FEEB10B00A6A2E6 /* data-model */ = {
			isa = PBXGroup;
			children = (
				05B239F00FEEABBB00A6A2E6 /* twitch.xcdatamodel */,
			);
			name = "data-model";
			sourceTree = "<group>";
		};
		05B23AC70FEEC29D00A6A2E6 /* configuration */ = {
			isa = PBXGroup;
			children = (
				05B23AC80FEEC2AE00A6A2E6 /* ConfigReader.h */,
				05B23AC90FEEC2AE00A6A2E6 /* InfoPlistConfigReader.h */,
				05B23ACA0FEEC2AE00A6A2E6 /* InfoPlistConfigReader.m */,
			);
			name = configuration;
			sourceTree = "<group>";
		};
		080E96DDFE201D6D7F000001 /* Classes */ = {
			isa = PBXGroup;
			children = (
				052C64150FED700B00B259D7 /* app-controller */,
				05B2387E0FEDC25F00A6A2E6 /* log-in */,
				05B238F30FEDC85300A6A2E6 /* users */,
				05B238F80FEDC8EE00A6A2E6 /* twitter */,
				05B239620FEDD1A400A6A2E6 /* publishers */,
				055B78280FED7D31008859F7 /* push-notifications */,
				05B23AC70FEEC29D00A6A2E6 /* configuration */,
				05B2393C0FEDD05E00A6A2E6 /* shared */,
				055B791E0FEDB1B9008859F7 /* vendor */,
			);
			path = Classes;
			sourceTree = "<group>";
		};
		19C28FACFE9D520D11CA2CBB /* Products */ = {
			isa = PBXGroup;
			children = (
				1D6058910D05DD3D006BFB54 /* Twitch.app */,
			);
			name = Products;
			sourceTree = "<group>";
		};
		29B97314FDCFA39411CA2CEA /* twitch */ = {
			isa = PBXGroup;
			children = (
				080E96DDFE201D6D7F000001 /* Classes */,
				28216C950DB411BC00E5133A /* FirstViewController.h */,
				28216C960DB411BC00E5133A /* FirstViewController.m */,
				29B97315FDCFA39411CA2CEA /* Other Sources */,
				29B97317FDCFA39411CA2CEA /* Resources */,
				29B97323FDCFA39411CA2CEA /* Frameworks */,
				19C28FACFE9D520D11CA2CBB /* Products */,
			);
			name = twitch;
			sourceTree = "<group>";
		};
		29B97315FDCFA39411CA2CEA /* Other Sources */ = {
			isa = PBXGroup;
			children = (
				28A0AB4B0D9B1048005BE974 /* twitch_Prefix.pch */,
				29B97316FDCFA39411CA2CEA /* main.m */,
			);
			name = "Other Sources";
			sourceTree = "<group>";
		};
		29B97317FDCFA39411CA2CEA /* Resources */ = {
			isa = PBXGroup;
			children = (
				05B23A040FEEB10B00A6A2E6 /* data-model */,
				916BD7CB0FEEB112007143A9 /* images */,
				05B239440FEDD0E400A6A2E6 /* nibs */,
				05B239450FEDD0F800A6A2E6 /* strings */,
				8D1107310486CEB800E47090 /* twitch-Info.plist */,
			);
			name = Resources;
			sourceTree = "<group>";
		};
		29B97323FDCFA39411CA2CEA /* Frameworks */ = {
			isa = PBXGroup;
			children = (
				1DF5F4DF0D08C38300B7A737 /* UIKit.framework */,
				1D30AB110D05D00D00671497 /* Foundation.framework */,
				288765070DF74369002DB57D /* CoreGraphics.framework */,
				05B23A310FEEB29D00A6A2E6 /* CoreData.framework */,
				05B238310FEDBA6600A6A2E6 /* libxml2.dylib */,
			);
			name = Frameworks;
			sourceTree = "<group>";
		};
		916BD7CB0FEEB112007143A9 /* images */ = {
			isa = PBXGroup;
			children = (
				916BD7DA0FEEB839007143A9 /* Gear.png */,
				916BD7DB0FEEB839007143A9 /* House.png */,
				916BD7D80FEEB770007143A9 /* Profile.png */,
				916BD7D60FEEB5CB007143A9 /* Star.png */,
				916BD7D20FEEB49B007143A9 /* Envelope.png */,
				916BD7D30FEEB49B007143A9 /* LineChart.png */,
				916BD7D00FEEB2DE007143A9 /* MentionsIcon.png */,
				916BD7CE0FEEB193007143A9 /* HomeIconWhite.png */,
				916BD7CC0FEEB11F007143A9 /* HomeIcon.png */,
			);
			name = images;
			sourceTree = "<group>";
		};
/* End PBXGroup section */

/* Begin PBXNativeTarget section */
		1D6058900D05DD3D006BFB54 /* twitch */ = {
			isa = PBXNativeTarget;
			buildConfigurationList = 1D6058960D05DD3E006BFB54 /* Build configuration list for PBXNativeTarget "twitch" */;
			buildPhases = (
				1D60588D0D05DD3D006BFB54 /* Resources */,
				1D60588E0D05DD3D006BFB54 /* Sources */,
				1D60588F0D05DD3D006BFB54 /* Frameworks */,
			);
			buildRules = (
			);
			dependencies = (
			);
			name = twitch;
			productName = twitch;
			productReference = 1D6058910D05DD3D006BFB54 /* Twitch.app */;
			productType = "com.apple.product-type.application";
		};
/* End PBXNativeTarget section */

/* Begin PBXProject section */
		29B97313FDCFA39411CA2CEA /* Project object */ = {
			isa = PBXProject;
			buildConfigurationList = C01FCF4E08A954540054247B /* Build configuration list for PBXProject "twitch" */;
			compatibilityVersion = "Xcode 3.1";
			hasScannedForEncodings = 1;
			knownRegions = (
				English,
				Japanese,
				French,
				German,
				en,
			);
			mainGroup = 29B97314FDCFA39411CA2CEA /* twitch */;
			projectDirPath = "";
			projectRoot = "";
			targets = (
				1D6058900D05DD3D006BFB54 /* twitch */,
			);
		};
/* End PBXProject section */

/* Begin PBXResourcesBuildPhase section */
		1D60588D0D05DD3D006BFB54 /* Resources */ = {
			isa = PBXResourcesBuildPhase;
			buildActionMask = 2147483647;
			files = (
				05B238860FEDC34200A6A2E6 /* MainWindow.xib in Resources */,
				05B2388A0FEDC35400A6A2E6 /* LogInView.xib in Resources */,
				05B239490FEDD10900A6A2E6 /* Localizable.strings in Resources */,
				916BD7CD0FEEB11F007143A9 /* HomeIcon.png in Resources */,
				916BD7CF0FEEB193007143A9 /* HomeIconWhite.png in Resources */,
				916BD7D10FEEB2DE007143A9 /* MentionsIcon.png in Resources */,
				916BD7D40FEEB49B007143A9 /* Envelope.png in Resources */,
				916BD7D50FEEB49B007143A9 /* LineChart.png in Resources */,
				916BD7D70FEEB5CB007143A9 /* Star.png in Resources */,
				916BD7D90FEEB770007143A9 /* Profile.png in Resources */,
				916BD7DC0FEEB839007143A9 /* Gear.png in Resources */,
				916BD7DD0FEEB839007143A9 /* House.png in Resources */,
				916BD7EF0FEEB958007143A9 /* NoDataView.xib in Resources */,
			);
			runOnlyForDeploymentPostprocessing = 0;
		};
/* End PBXResourcesBuildPhase section */

/* Begin PBXSourcesBuildPhase section */
		1D60588E0D05DD3D006BFB54 /* Sources */ = {
			isa = PBXSourcesBuildPhase;
			buildActionMask = 2147483647;
			files = (
				1D60589B0D05DD56006BFB54 /* main.m in Sources */,
				28216C970DB411BC00E5133A /* FirstViewController.m in Sources */,
				052C64190FED703200B259D7 /* TwitchAppDelegate.m in Sources */,
				05B2380D0FEDB20900A6A2E6 /* MGTwitterEngine.m in Sources */,
				05B2380E0FEDB20900A6A2E6 /* MGTwitterHTTPURLConnection.m in Sources */,
				05B2380F0FEDB20900A6A2E6 /* MGTwitterLibXMLParser.m in Sources */,
				05B238100FEDB20900A6A2E6 /* MGTwitterMessagesLibXMLParser.m in Sources */,
				05B238110FEDB20900A6A2E6 /* MGTwitterMessagesParser.m in Sources */,
				05B238120FEDB20900A6A2E6 /* MGTwitterMiscLibXMLParser.m in Sources */,
				05B238130FEDB20900A6A2E6 /* MGTwitterMiscParser.m in Sources */,
				05B238140FEDB20900A6A2E6 /* MGTwitterStatusesLibXMLParser.m in Sources */,
				05B238150FEDB20900A6A2E6 /* MGTwitterStatusesParser.m in Sources */,
				05B238160FEDB20900A6A2E6 /* MGTwitterUsersLibXMLParser.m in Sources */,
				05B238170FEDB20900A6A2E6 /* MGTwitterUsersParser.m in Sources */,
				05B238180FEDB20900A6A2E6 /* MGTwitterXMLParser.m in Sources */,
				05B238190FEDB20900A6A2E6 /* NSData+Base64.m in Sources */,
				05B2381A0FEDB20900A6A2E6 /* NSString+UUID.m in Sources */,
				05B2387D0FEDC15800A6A2E6 /* DeviceRegistrar.m in Sources */,
				05B238810FEDC29400A6A2E6 /* LogInDisplayMgr.m in Sources */,
				05B238E20FEDC4F700A6A2E6 /* LogInViewController.m in Sources */,
				05B2393F0FEDD06D00A6A2E6 /* UIAlertView+InstantiationAdditions.m in Sources */,
				05B239670FEDD1E500A6A2E6 /* AbstractUpdatePublisher.m in Sources */,
				05B2396C0FEDD21B00A6A2E6 /* CredentialsUpdatePublisher.m in Sources */,
				05B239F10FEEABBB00A6A2E6 /* twitch.xcdatamodel in Sources */,
				05B23A600FEEB59C00A6A2E6 /* Account.m in Sources */,
				05B23A6C0FEEB70600A6A2E6 /* TwitterCredentials.m in Sources */,
				916BD7AC0FEEADD7007143A9 /* NetworkAwareViewController.m in Sources */,
				916BD7AD0FEEADD7007143A9 /* NSArray+IterationAdditions.m in Sources */,
				916BD7AE0FEEADD7007143A9 /* NSDate+IsToday.m in Sources */,
				916BD7AF0FEEADD7007143A9 /* NSDate+LighthouseStringHelpers.m in Sources */,
				916BD7B00FEEADD7007143A9 /* NSDate+StringHelpers.m in Sources */,
				916BD7B10FEEADD7007143A9 /* NSError+InstantiationAdditions.m in Sources */,
				916BD7B20FEEADD7007143A9 /* UIColor+TwitchColors.m in Sources */,
				916BD7B30FEEADD7007143A9 /* UITableViewCell+InstantiationAdditions.m in Sources */,
				916BD7B40FEEADD7007143A9 /* UIWebView+FileLoadingAdditions.m in Sources */,
				916BD7B80FEEAED1007143A9 /* NoDataViewController.m in Sources */,
				916BD7BE0FEEAF13007143A9 /* NSObject+RuntimeAdditions.m in Sources */,
				05B23ACB0FEEC2AE00A6A2E6 /* InfoPlistConfigReader.m in Sources */,
				05B23B120FEEC48C00A6A2E6 /* PListUtils.m in Sources */,
			);
			runOnlyForDeploymentPostprocessing = 0;
		};
/* End PBXSourcesBuildPhase section */

/* Begin PBXVariantGroup section */
		05B238820FEDC34200A6A2E6 /* MainWindow.xib */ = {
			isa = PBXVariantGroup;
			children = (
				05B238830FEDC34200A6A2E6 /* en */,
			);
			name = MainWindow.xib;
			sourceTree = "<group>";
		};
		05B238880FEDC35400A6A2E6 /* LogInView.xib */ = {
			isa = PBXVariantGroup;
			children = (
				05B238890FEDC35400A6A2E6 /* en */,
			);
			name = LogInView.xib;
			sourceTree = "<group>";
		};
		05B239470FEDD10900A6A2E6 /* Localizable.strings */ = {
			isa = PBXVariantGroup;
			children = (
				05B239480FEDD10900A6A2E6 /* en */,
			);
			name = Localizable.strings;
			path = strings/en.lproj;
			sourceTree = "<group>";
		};
		916BD7ED0FEEB958007143A9 /* NoDataView.xib */ = {
			isa = PBXVariantGroup;
			children = (
				916BD7EE0FEEB958007143A9 /* en */,
			);
			name = NoDataView.xib;
			sourceTree = "<group>";
		};
/* End PBXVariantGroup section */

/* Begin XCBuildConfiguration section */
		05B239D00FEEA62800A6A2E6 /* Distribution */ = {
			isa = XCBuildConfiguration;
			buildSettings = {
				ARCHS = "$(ARCHS_STANDARD_32_BIT)";
				"CODE_SIGN_IDENTITY[sdk=iphoneos*]" = "iPhone Developer";
				GCC_C_LANGUAGE_STANDARD = c99;
				GCC_WARN_ABOUT_RETURN_TYPE = YES;
				GCC_WARN_UNUSED_VARIABLE = YES;
				HEADER_SEARCH_PATHS = $SDKROOT/usr/include/libxml2;
				PREBINDING = NO;
				SDKROOT = iphoneos3.0;
			};
			name = Distribution;
		};
		05B239D10FEEA62800A6A2E6 /* Distribution */ = {
			isa = XCBuildConfiguration;
			buildSettings = {
				ALWAYS_SEARCH_USER_PATHS = NO;
				COPY_PHASE_STRIP = YES;
				GCC_PRECOMPILE_PREFIX_HEADER = YES;
				GCC_PREFIX_HEADER = twitch_Prefix.pch;
				INFOPLIST_FILE = "twitch-Info.plist";
				PRODUCT_NAME = Twitch;
			};
			name = Distribution;
		};
		05B239D20FEEA62C00A6A2E6 /* Release - Doug */ = {
			isa = XCBuildConfiguration;
			buildSettings = {
				ARCHS = "$(ARCHS_STANDARD_32_BIT)";
				"CODE_SIGN_IDENTITY[sdk=iphoneos*]" = "iPhone Developer: Douglas Kurth";
				GCC_C_LANGUAGE_STANDARD = c99;
				GCC_WARN_ABOUT_RETURN_TYPE = YES;
				GCC_WARN_UNUSED_VARIABLE = YES;
				HEADER_SEARCH_PATHS = $SDKROOT/usr/include/libxml2;
				PREBINDING = NO;
				"PROVISIONING_PROFILE[sdk=iphoneos*]" = "AA7F2B41-6452-442A-ADBF-895609D202AE";
				SDKROOT = iphoneos3.0;
			};
			name = "Release - Doug";
		};
		05B239D30FEEA62C00A6A2E6 /* Release - Doug */ = {
			isa = XCBuildConfiguration;
			buildSettings = {
				ALWAYS_SEARCH_USER_PATHS = NO;
				COPY_PHASE_STRIP = YES;
				GCC_PRECOMPILE_PREFIX_HEADER = YES;
				GCC_PREFIX_HEADER = twitch_Prefix.pch;
				INFOPLIST_FILE = "twitch-Info.plist";
				PRODUCT_NAME = Twitch;
			};
			name = "Release - Doug";
		};
		05B239D40FEEA63500A6A2E6 /* Debug - Doug */ = {
			isa = XCBuildConfiguration;
			buildSettings = {
				ARCHS = "$(ARCHS_STANDARD_32_BIT)";
				"CODE_SIGN_IDENTITY[sdk=iphoneos*]" = "iPhone Developer: Douglas Kurth";
				GCC_C_LANGUAGE_STANDARD = c99;
				GCC_WARN_ABOUT_RETURN_TYPE = YES;
				GCC_WARN_UNUSED_VARIABLE = YES;
				HEADER_SEARCH_PATHS = $SDKROOT/usr/include/libxml2;
				PREBINDING = NO;
				"PROVISIONING_PROFILE[sdk=iphoneos*]" = "AA7F2B41-6452-442A-ADBF-895609D202AE";
				SDKROOT = iphoneos3.0;
			};
			name = "Debug - Doug";
		};
		05B239D50FEEA63500A6A2E6 /* Debug - Doug */ = {
			isa = XCBuildConfiguration;
			buildSettings = {
				ALWAYS_SEARCH_USER_PATHS = NO;
				COPY_PHASE_STRIP = NO;
				GCC_DYNAMIC_NO_PIC = NO;
				GCC_OPTIMIZATION_LEVEL = 0;
				GCC_PRECOMPILE_PREFIX_HEADER = YES;
				GCC_PREFIX_HEADER = twitch_Prefix.pch;
				INFOPLIST_FILE = "twitch-Info.plist";
				PRODUCT_NAME = Twitch;
			};
			name = "Debug - Doug";
		};
		1D6058940D05DD3E006BFB54 /* Debug - John */ = {
			isa = XCBuildConfiguration;
			buildSettings = {
				ALWAYS_SEARCH_USER_PATHS = NO;
				COPY_PHASE_STRIP = NO;
				GCC_DYNAMIC_NO_PIC = NO;
				GCC_OPTIMIZATION_LEVEL = 0;
				GCC_PRECOMPILE_PREFIX_HEADER = YES;
				GCC_PREFIX_HEADER = twitch_Prefix.pch;
				INFOPLIST_FILE = "twitch-Info.plist";
				PRODUCT_NAME = Twitch;
			};
			name = "Debug - John";
		};
		1D6058950D05DD3E006BFB54 /* Release - John */ = {
			isa = XCBuildConfiguration;
			buildSettings = {
				ALWAYS_SEARCH_USER_PATHS = NO;
				COPY_PHASE_STRIP = YES;
				GCC_PRECOMPILE_PREFIX_HEADER = YES;
				GCC_PREFIX_HEADER = twitch_Prefix.pch;
				INFOPLIST_FILE = "twitch-Info.plist";
				PRODUCT_NAME = Twitch;
			};
			name = "Release - John";
		};
		C01FCF4F08A954540054247B /* Debug - John */ = {
			isa = XCBuildConfiguration;
			buildSettings = {
				ARCHS = "$(ARCHS_STANDARD_32_BIT)";
				"CODE_SIGN_IDENTITY[sdk=iphoneos*]" = "iPhone Developer";
				GCC_C_LANGUAGE_STANDARD = c99;
				GCC_WARN_ABOUT_RETURN_TYPE = YES;
				GCC_WARN_UNUSED_VARIABLE = YES;
				HEADER_SEARCH_PATHS = $SDKROOT/usr/include/libxml2;
				PREBINDING = NO;
				SDKROOT = iphoneos3.0;
			};
			name = "Debug - John";
		};
		C01FCF5008A954540054247B /* Release - John */ = {
			isa = XCBuildConfiguration;
			buildSettings = {
				ARCHS = "$(ARCHS_STANDARD_32_BIT)";
				"CODE_SIGN_IDENTITY[sdk=iphoneos*]" = "iPhone Developer";
				GCC_C_LANGUAGE_STANDARD = c99;
				GCC_WARN_ABOUT_RETURN_TYPE = YES;
				GCC_WARN_UNUSED_VARIABLE = YES;
				HEADER_SEARCH_PATHS = $SDKROOT/usr/include/libxml2;
				PREBINDING = NO;
				SDKROOT = iphoneos3.0;
			};
			name = "Release - John";
		};
/* End XCBuildConfiguration section */

/* Begin XCConfigurationList section */
		1D6058960D05DD3E006BFB54 /* Build configuration list for PBXNativeTarget "twitch" */ = {
			isa = XCConfigurationList;
			buildConfigurations = (
				1D6058940D05DD3E006BFB54 /* Debug - John */,
				05B239D50FEEA63500A6A2E6 /* Debug - Doug */,
				1D6058950D05DD3E006BFB54 /* Release - John */,
				05B239D30FEEA62C00A6A2E6 /* Release - Doug */,
				05B239D10FEEA62800A6A2E6 /* Distribution */,
			);
			defaultConfigurationIsVisible = 0;
			defaultConfigurationName = "Release - John";
		};
		C01FCF4E08A954540054247B /* Build configuration list for PBXProject "twitch" */ = {
			isa = XCConfigurationList;
			buildConfigurations = (
				C01FCF4F08A954540054247B /* Debug - John */,
				05B239D40FEEA63500A6A2E6 /* Debug - Doug */,
				C01FCF5008A954540054247B /* Release - John */,
				05B239D20FEEA62C00A6A2E6 /* Release - Doug */,
				05B239D00FEEA62800A6A2E6 /* Distribution */,
			);
			defaultConfigurationIsVisible = 0;
			defaultConfigurationName = "Release - John";
		};
/* End XCConfigurationList section */
	};
	rootObject = 29B97313FDCFA39411CA2CEA /* Project object */;
}
