// !$*UTF8*$!
{
	archiveVersion = 1;
	classes = {
	};
	objectVersion = 45;
	objects = {

/* Begin PBXBuildFile section */
		052C64190FED703200B259D7 /* TwitchAppDelegate.m in Sources */ = {isa = PBXBuildFile; fileRef = 052C64180FED703200B259D7 /* TwitchAppDelegate.m */; };
		05977A3C0FEF0C9700E37B9C /* Icon.png in Resources */ = {isa = PBXBuildFile; fileRef = 05977A3B0FEF0C9700E37B9C /* Icon.png */; };
		05B2380D0FEDB20900A6A2E6 /* MGTwitterEngine.m in Sources */ = {isa = PBXBuildFile; fileRef = 05B237EE0FEDB20900A6A2E6 /* MGTwitterEngine.m */; };
		05B2380E0FEDB20900A6A2E6 /* MGTwitterHTTPURLConnection.m in Sources */ = {isa = PBXBuildFile; fileRef = 05B237F20FEDB20900A6A2E6 /* MGTwitterHTTPURLConnection.m */; };
		05B2380F0FEDB20900A6A2E6 /* MGTwitterLibXMLParser.m in Sources */ = {isa = PBXBuildFile; fileRef = 05B237F40FEDB20900A6A2E6 /* MGTwitterLibXMLParser.m */; };
		05B238100FEDB20900A6A2E6 /* MGTwitterMessagesLibXMLParser.m in Sources */ = {isa = PBXBuildFile; fileRef = 05B237F60FEDB20900A6A2E6 /* MGTwitterMessagesLibXMLParser.m */; };
		05B238110FEDB20900A6A2E6 /* MGTwitterMessagesParser.m in Sources */ = {isa = PBXBuildFile; fileRef = 05B237F80FEDB20900A6A2E6 /* MGTwitterMessagesParser.m */; };
		05B238120FEDB20900A6A2E6 /* MGTwitterMiscLibXMLParser.m in Sources */ = {isa = PBXBuildFile; fileRef = 05B237FA0FEDB20900A6A2E6 /* MGTwitterMiscLibXMLParser.m */; };
		05B238130FEDB20900A6A2E6 /* MGTwitterMiscParser.m in Sources */ = {isa = PBXBuildFile; fileRef = 05B237FC0FEDB20900A6A2E6 /* MGTwitterMiscParser.m */; };
		05B238140FEDB20900A6A2E6 /* MGTwitterStatusesLibXMLParser.m in Sources */ = {isa = PBXBuildFile; fileRef = 05B238000FEDB20900A6A2E6 /* MGTwitterStatusesLibXMLParser.m */; };
		05B238150FEDB20900A6A2E6 /* MGTwitterStatusesParser.m in Sources */ = {isa = PBXBuildFile; fileRef = 05B238020FEDB20900A6A2E6 /* MGTwitterStatusesParser.m */; };
		05B238160FEDB20900A6A2E6 /* MGTwitterUsersLibXMLParser.m in Sources */ = {isa = PBXBuildFile; fileRef = 05B238040FEDB20900A6A2E6 /* MGTwitterUsersLibXMLParser.m */; };
		05B238170FEDB20900A6A2E6 /* MGTwitterUsersParser.m in Sources */ = {isa = PBXBuildFile; fileRef = 05B238060FEDB20900A6A2E6 /* MGTwitterUsersParser.m */; };
		05B238180FEDB20900A6A2E6 /* MGTwitterXMLParser.m in Sources */ = {isa = PBXBuildFile; fileRef = 05B238080FEDB20900A6A2E6 /* MGTwitterXMLParser.m */; };
		05B238190FEDB20900A6A2E6 /* NSData+Base64.m in Sources */ = {isa = PBXBuildFile; fileRef = 05B2380A0FEDB20900A6A2E6 /* NSData+Base64.m */; };
		05B2381A0FEDB20900A6A2E6 /* NSString+UUID.m in Sources */ = {isa = PBXBuildFile; fileRef = 05B2380C0FEDB20900A6A2E6 /* NSString+UUID.m */; };
		05B238320FEDBA6600A6A2E6 /* libxml2.dylib in Frameworks */ = {isa = PBXBuildFile; fileRef = 05B238310FEDBA6600A6A2E6 /* libxml2.dylib */; };
		05B2387D0FEDC15800A6A2E6 /* DeviceRegistrar.m in Sources */ = {isa = PBXBuildFile; fileRef = 05B2387C0FEDC15800A6A2E6 /* DeviceRegistrar.m */; };
		05B238810FEDC29400A6A2E6 /* LogInDisplayMgr.m in Sources */ = {isa = PBXBuildFile; fileRef = 05B238800FEDC29400A6A2E6 /* LogInDisplayMgr.m */; };
		05B238860FEDC34200A6A2E6 /* MainWindow.xib in Resources */ = {isa = PBXBuildFile; fileRef = 05B238820FEDC34200A6A2E6 /* MainWindow.xib */; };
		05B2388A0FEDC35400A6A2E6 /* LogInView.xib in Resources */ = {isa = PBXBuildFile; fileRef = 05B238880FEDC35400A6A2E6 /* LogInView.xib */; };
		05B238E20FEDC4F700A6A2E6 /* LogInViewController.m in Sources */ = {isa = PBXBuildFile; fileRef = 05B238E00FEDC4F700A6A2E6 /* LogInViewController.m */; };
		05B2393F0FEDD06D00A6A2E6 /* UIAlertView+InstantiationAdditions.m in Sources */ = {isa = PBXBuildFile; fileRef = 05B2393E0FEDD06D00A6A2E6 /* UIAlertView+InstantiationAdditions.m */; };
		05B239490FEDD10900A6A2E6 /* Localizable.strings in Resources */ = {isa = PBXBuildFile; fileRef = 05B239470FEDD10900A6A2E6 /* Localizable.strings */; };
		05B239670FEDD1E500A6A2E6 /* AbstractUpdatePublisher.m in Sources */ = {isa = PBXBuildFile; fileRef = 05B239660FEDD1E500A6A2E6 /* AbstractUpdatePublisher.m */; };
		05B2396C0FEDD21B00A6A2E6 /* CredentialsUpdatePublisher.m in Sources */ = {isa = PBXBuildFile; fileRef = 05B2396B0FEDD21B00A6A2E6 /* CredentialsUpdatePublisher.m */; };
		05B239F10FEEABBB00A6A2E6 /* twitch.xcdatamodel in Sources */ = {isa = PBXBuildFile; fileRef = 05B239F00FEEABBB00A6A2E6 /* twitch.xcdatamodel */; };
		05B23A320FEEB29D00A6A2E6 /* CoreData.framework in Frameworks */ = {isa = PBXBuildFile; fileRef = 05B23A310FEEB29D00A6A2E6 /* CoreData.framework */; };
		05B23ACB0FEEC2AE00A6A2E6 /* InfoPlistConfigReader.m in Sources */ = {isa = PBXBuildFile; fileRef = 05B23ACA0FEEC2AE00A6A2E6 /* InfoPlistConfigReader.m */; };
		05B23B120FEEC48C00A6A2E6 /* PListUtils.m in Sources */ = {isa = PBXBuildFile; fileRef = 05B23B110FEEC48C00A6A2E6 /* PListUtils.m */; };
		05B23B3A0FEEC6AB00A6A2E6 /* TwitterService.m in Sources */ = {isa = PBXBuildFile; fileRef = 05B23B390FEEC6AB00A6A2E6 /* TwitterService.m */; };
		05B23B460FEED55100A6A2E6 /* ResponseProcessor.m in Sources */ = {isa = PBXBuildFile; fileRef = 05B23B450FEED55100A6A2E6 /* ResponseProcessor.m */; };
		05B23B490FEED5A000A6A2E6 /* CheckCredentialsResponseProcessor.m in Sources */ = {isa = PBXBuildFile; fileRef = 05B23B480FEED5A000A6A2E6 /* CheckCredentialsResponseProcessor.m */; };
		05B23B4C0FEED5C600A6A2E6 /* FetchTimelineResponseProcessor.m in Sources */ = {isa = PBXBuildFile; fileRef = 05B23B4B0FEED5C600A6A2E6 /* FetchTimelineResponseProcessor.m */; };
		05B23C160FEEEFB000A6A2E6 /* User.m in Sources */ = {isa = PBXBuildFile; fileRef = 05B23C150FEEEFB000A6A2E6 /* User.m */; };
		05B23C1B0FEEEFC700A6A2E6 /* Tweet.m in Sources */ = {isa = PBXBuildFile; fileRef = 05B23C1A0FEEEFC700A6A2E6 /* Tweet.m */; };
		05B23C690FEEF39200A6A2E6 /* TwitterCredentials.m in Sources */ = {isa = PBXBuildFile; fileRef = 05B23C680FEEF39200A6A2E6 /* TwitterCredentials.m */; };
		1D60589B0D05DD56006BFB54 /* main.m in Sources */ = {isa = PBXBuildFile; fileRef = 29B97316FDCFA39411CA2CEA /* main.m */; };
		1D60589F0D05DD5A006BFB54 /* Foundation.framework in Frameworks */ = {isa = PBXBuildFile; fileRef = 1D30AB110D05D00D00671497 /* Foundation.framework */; };
		1DF5F4E00D08C38300B7A737 /* UIKit.framework in Frameworks */ = {isa = PBXBuildFile; fileRef = 1DF5F4DF0D08C38300B7A737 /* UIKit.framework */; };
		288765080DF74369002DB57D /* CoreGraphics.framework in Frameworks */ = {isa = PBXBuildFile; fileRef = 288765070DF74369002DB57D /* CoreGraphics.framework */; };
		916BD7AC0FEEADD7007143A9 /* NetworkAwareViewController.m in Sources */ = {isa = PBXBuildFile; fileRef = 916BD79A0FEEADD7007143A9 /* NetworkAwareViewController.m */; };
		916BD7AD0FEEADD7007143A9 /* NSArray+IterationAdditions.m in Sources */ = {isa = PBXBuildFile; fileRef = 916BD79D0FEEADD7007143A9 /* NSArray+IterationAdditions.m */; };
		916BD7AE0FEEADD7007143A9 /* NSDate+IsToday.m in Sources */ = {isa = PBXBuildFile; fileRef = 916BD79F0FEEADD7007143A9 /* NSDate+IsToday.m */; };
		916BD7AF0FEEADD7007143A9 /* NSDate+TwitterStringHelpers.m in Sources */ = {isa = PBXBuildFile; fileRef = 916BD7A10FEEADD7007143A9 /* NSDate+TwitterStringHelpers.m */; };
		916BD7B00FEEADD7007143A9 /* NSDate+StringHelpers.m in Sources */ = {isa = PBXBuildFile; fileRef = 916BD7A30FEEADD7007143A9 /* NSDate+StringHelpers.m */; };
		916BD7B10FEEADD7007143A9 /* NSError+InstantiationAdditions.m in Sources */ = {isa = PBXBuildFile; fileRef = 916BD7A50FEEADD7007143A9 /* NSError+InstantiationAdditions.m */; };
		916BD7B20FEEADD7007143A9 /* UIColor+TwitchColors.m in Sources */ = {isa = PBXBuildFile; fileRef = 916BD7A70FEEADD7007143A9 /* UIColor+TwitchColors.m */; };
		916BD7B30FEEADD7007143A9 /* UITableViewCell+InstantiationAdditions.m in Sources */ = {isa = PBXBuildFile; fileRef = 916BD7A90FEEADD7007143A9 /* UITableViewCell+InstantiationAdditions.m */; };
		916BD7B40FEEADD7007143A9 /* UIWebView+FileLoadingAdditions.m in Sources */ = {isa = PBXBuildFile; fileRef = 916BD7AB0FEEADD7007143A9 /* UIWebView+FileLoadingAdditions.m */; };
		916BD7B80FEEAED1007143A9 /* NoDataViewController.m in Sources */ = {isa = PBXBuildFile; fileRef = 916BD7B70FEEAED1007143A9 /* NoDataViewController.m */; };
		916BD7BE0FEEAF13007143A9 /* NSObject+RuntimeAdditions.m in Sources */ = {isa = PBXBuildFile; fileRef = 916BD7BD0FEEAF13007143A9 /* NSObject+RuntimeAdditions.m */; };
		916BD7CD0FEEB11F007143A9 /* HomeIcon.png in Resources */ = {isa = PBXBuildFile; fileRef = 916BD7CC0FEEB11F007143A9 /* HomeIcon.png */; };
		916BD7CF0FEEB193007143A9 /* HomeIconWhite.png in Resources */ = {isa = PBXBuildFile; fileRef = 916BD7CE0FEEB193007143A9 /* HomeIconWhite.png */; };
		916BD7D10FEEB2DE007143A9 /* MentionsIcon.png in Resources */ = {isa = PBXBuildFile; fileRef = 916BD7D00FEEB2DE007143A9 /* MentionsIcon.png */; };
		916BD7D40FEEB49B007143A9 /* Envelope.png in Resources */ = {isa = PBXBuildFile; fileRef = 916BD7D20FEEB49B007143A9 /* Envelope.png */; };
		916BD7D50FEEB49B007143A9 /* LineChart.png in Resources */ = {isa = PBXBuildFile; fileRef = 916BD7D30FEEB49B007143A9 /* LineChart.png */; };
		916BD7D70FEEB5CB007143A9 /* Star.png in Resources */ = {isa = PBXBuildFile; fileRef = 916BD7D60FEEB5CB007143A9 /* Star.png */; };
		916BD7D90FEEB770007143A9 /* Profile.png in Resources */ = {isa = PBXBuildFile; fileRef = 916BD7D80FEEB770007143A9 /* Profile.png */; };
		916BD7DC0FEEB839007143A9 /* Gear.png in Resources */ = {isa = PBXBuildFile; fileRef = 916BD7DA0FEEB839007143A9 /* Gear.png */; };
		916BD7DD0FEEB839007143A9 /* House.png in Resources */ = {isa = PBXBuildFile; fileRef = 916BD7DB0FEEB839007143A9 /* House.png */; };
		916BD7EF0FEEB958007143A9 /* NoDataView.xib in Resources */ = {isa = PBXBuildFile; fileRef = 916BD7ED0FEEB958007143A9 /* NoDataView.xib */; };
		916BD8040FEEBD56007143A9 /* TimelineView.xib in Resources */ = {isa = PBXBuildFile; fileRef = 916BD8020FEEBD56007143A9 /* TimelineView.xib */; };
		916BD8160FEEBE26007143A9 /* TimelineViewController.m in Sources */ = {isa = PBXBuildFile; fileRef = 916BD8150FEEBE26007143A9 /* TimelineViewController.m */; };
		916BD8190FEEBE35007143A9 /* TimelineDisplayMgr.m in Sources */ = {isa = PBXBuildFile; fileRef = 916BD8180FEEBE35007143A9 /* TimelineDisplayMgr.m */; };
		916BD81F0FEEC12B007143A9 /* TimelineDisplayMgrFactory.m in Sources */ = {isa = PBXBuildFile; fileRef = 916BD81E0FEEC12B007143A9 /* TimelineDisplayMgrFactory.m */; };
		916BD88E0FEED9DE007143A9 /* TableViewCellGradient.png in Resources */ = {isa = PBXBuildFile; fileRef = 916BD88D0FEED9DE007143A9 /* TableViewCellGradient.png */; };
		916BD8960FEEDAD9007143A9 /* Default.png in Resources */ = {isa = PBXBuildFile; fileRef = 916BD8940FEEDAD9007143A9 /* Default.png */; };
		916BD8970FEEDAD9007143A9 /* DefaultAvatar.png in Resources */ = {isa = PBXBuildFile; fileRef = 916BD8950FEEDAD9007143A9 /* DefaultAvatar.png */; };
		916BD8A30FEEDFBD007143A9 /* UserHeaderGradient.png in Resources */ = {isa = PBXBuildFile; fileRef = 916BD8A20FEEDFBD007143A9 /* UserHeaderGradient.png */; };
		916BD8BF0FEEEE4A007143A9 /* RoundedImage.m in Sources */ = {isa = PBXBuildFile; fileRef = 916BD8BE0FEEEE4A007143A9 /* RoundedImage.m */; };
		916BD9120FEEFB07007143A9 /* TimelineTableViewCell.xib in Resources */ = {isa = PBXBuildFile; fileRef = 916BD9100FEEFB07007143A9 /* TimelineTableViewCell.xib */; };
		916BD9150FEEFB24007143A9 /* TimelineTableViewCell.m in Sources */ = {isa = PBXBuildFile; fileRef = 916BD9140FEEFB24007143A9 /* TimelineTableViewCell.m */; };
		916BD9D30FEF3D05007143A9 /* UILabel+DrawingAdditions.m in Sources */ = {isa = PBXBuildFile; fileRef = 916BD9D20FEF3D05007143A9 /* UILabel+DrawingAdditions.m */; };
		916BD9F60FEF46B1007143A9 /* TweetDetailsView.xib in Resources */ = {isa = PBXBuildFile; fileRef = 916BD9F40FEF46B1007143A9 /* TweetDetailsView.xib */; };
		916BD9FA0FEF46E4007143A9 /* TweetDetailsViewController.m in Sources */ = {isa = PBXBuildFile; fileRef = 916BD9F90FEF46E4007143A9 /* TweetDetailsViewController.m */; };
		916BDA4E0FEF573A007143A9 /* tweet-style.css in Resources */ = {isa = PBXBuildFile; fileRef = 916BDA4D0FEF573A007143A9 /* tweet-style.css */; };
		91E000430FEF76E800BCE9BC /* Favorite.png in Resources */ = {isa = PBXBuildFile; fileRef = 91E000420FEF76E800BCE9BC /* Favorite.png */; };
		91E0004C0FEF786300BCE9BC /* NotFavorite.png in Resources */ = {isa = PBXBuildFile; fileRef = 91E0004B0FEF786300BCE9BC /* NotFavorite.png */; };
		91E000880FEFFABB00BCE9BC /* TweetDetailsHeaderGradient.png in Resources */ = {isa = PBXBuildFile; fileRef = 91E000870FEFFABB00BCE9BC /* TweetDetailsHeaderGradient.png */; };
		91E000950FEFFCC700BCE9BC /* DropShadow.png in Resources */ = {isa = PBXBuildFile; fileRef = 91E000940FEFFCC700BCE9BC /* DropShadow.png */; };
/* End PBXBuildFile section */

/* Begin PBXFileReference section */
		052C64170FED703200B259D7 /* TwitchAppDelegate.h */ = {isa = PBXFileReference; fileEncoding = 4; lastKnownFileType = sourcecode.c.h; name = TwitchAppDelegate.h; path = "app-controller/TwitchAppDelegate.h"; sourceTree = "<group>"; };
		052C64180FED703200B259D7 /* TwitchAppDelegate.m */ = {isa = PBXFileReference; fileEncoding = 4; lastKnownFileType = sourcecode.c.objc; name = TwitchAppDelegate.m; path = "app-controller/TwitchAppDelegate.m"; sourceTree = "<group>"; };
		05977A3B0FEF0C9700E37B9C /* Icon.png */ = {isa = PBXFileReference; lastKnownFileType = image.png; path = Icon.png; sourceTree = "<group>"; };
		05B237ED0FEDB20900A6A2E6 /* MGTwitterEngine.h */ = {isa = PBXFileReference; fileEncoding = 4; lastKnownFileType = sourcecode.c.h; name = MGTwitterEngine.h; path = "vendor/mg-twitter-engine/MGTwitterEngine.h"; sourceTree = "<group>"; };
		05B237EE0FEDB20900A6A2E6 /* MGTwitterEngine.m */ = {isa = PBXFileReference; fileEncoding = 4; lastKnownFileType = sourcecode.c.objc; name = MGTwitterEngine.m; path = "vendor/mg-twitter-engine/MGTwitterEngine.m"; sourceTree = "<group>"; };
		05B237EF0FEDB20900A6A2E6 /* MGTwitterEngineDelegate.h */ = {isa = PBXFileReference; fileEncoding = 4; lastKnownFileType = sourcecode.c.h; name = MGTwitterEngineDelegate.h; path = "vendor/mg-twitter-engine/MGTwitterEngineDelegate.h"; sourceTree = "<group>"; };
		05B237F00FEDB20900A6A2E6 /* MGTwitterEngineGlobalHeader.h */ = {isa = PBXFileReference; fileEncoding = 4; lastKnownFileType = sourcecode.c.h; name = MGTwitterEngineGlobalHeader.h; path = "vendor/mg-twitter-engine/MGTwitterEngineGlobalHeader.h"; sourceTree = "<group>"; };
		05B237F10FEDB20900A6A2E6 /* MGTwitterHTTPURLConnection.h */ = {isa = PBXFileReference; fileEncoding = 4; lastKnownFileType = sourcecode.c.h; name = MGTwitterHTTPURLConnection.h; path = "vendor/mg-twitter-engine/MGTwitterHTTPURLConnection.h"; sourceTree = "<group>"; };
		05B237F20FEDB20900A6A2E6 /* MGTwitterHTTPURLConnection.m */ = {isa = PBXFileReference; fileEncoding = 4; lastKnownFileType = sourcecode.c.objc; name = MGTwitterHTTPURLConnection.m; path = "vendor/mg-twitter-engine/MGTwitterHTTPURLConnection.m"; sourceTree = "<group>"; };
		05B237F30FEDB20900A6A2E6 /* MGTwitterLibXMLParser.h */ = {isa = PBXFileReference; fileEncoding = 4; lastKnownFileType = sourcecode.c.h; name = MGTwitterLibXMLParser.h; path = "vendor/mg-twitter-engine/MGTwitterLibXMLParser.h"; sourceTree = "<group>"; };
		05B237F40FEDB20900A6A2E6 /* MGTwitterLibXMLParser.m */ = {isa = PBXFileReference; fileEncoding = 4; lastKnownFileType = sourcecode.c.objc; name = MGTwitterLibXMLParser.m; path = "vendor/mg-twitter-engine/MGTwitterLibXMLParser.m"; sourceTree = "<group>"; };
		05B237F50FEDB20900A6A2E6 /* MGTwitterMessagesLibXMLParser.h */ = {isa = PBXFileReference; fileEncoding = 4; lastKnownFileType = sourcecode.c.h; name = MGTwitterMessagesLibXMLParser.h; path = "vendor/mg-twitter-engine/MGTwitterMessagesLibXMLParser.h"; sourceTree = "<group>"; };
		05B237F60FEDB20900A6A2E6 /* MGTwitterMessagesLibXMLParser.m */ = {isa = PBXFileReference; fileEncoding = 4; lastKnownFileType = sourcecode.c.objc; name = MGTwitterMessagesLibXMLParser.m; path = "vendor/mg-twitter-engine/MGTwitterMessagesLibXMLParser.m"; sourceTree = "<group>"; };
		05B237F70FEDB20900A6A2E6 /* MGTwitterMessagesParser.h */ = {isa = PBXFileReference; fileEncoding = 4; lastKnownFileType = sourcecode.c.h; name = MGTwitterMessagesParser.h; path = "vendor/mg-twitter-engine/MGTwitterMessagesParser.h"; sourceTree = "<group>"; };
		05B237F80FEDB20900A6A2E6 /* MGTwitterMessagesParser.m */ = {isa = PBXFileReference; fileEncoding = 4; lastKnownFileType = sourcecode.c.objc; name = MGTwitterMessagesParser.m; path = "vendor/mg-twitter-engine/MGTwitterMessagesParser.m"; sourceTree = "<group>"; };
		05B237F90FEDB20900A6A2E6 /* MGTwitterMiscLibXMLParser.h */ = {isa = PBXFileReference; fileEncoding = 4; lastKnownFileType = sourcecode.c.h; name = MGTwitterMiscLibXMLParser.h; path = "vendor/mg-twitter-engine/MGTwitterMiscLibXMLParser.h"; sourceTree = "<group>"; };
		05B237FA0FEDB20900A6A2E6 /* MGTwitterMiscLibXMLParser.m */ = {isa = PBXFileReference; fileEncoding = 4; lastKnownFileType = sourcecode.c.objc; name = MGTwitterMiscLibXMLParser.m; path = "vendor/mg-twitter-engine/MGTwitterMiscLibXMLParser.m"; sourceTree = "<group>"; };
		05B237FB0FEDB20900A6A2E6 /* MGTwitterMiscParser.h */ = {isa = PBXFileReference; fileEncoding = 4; lastKnownFileType = sourcecode.c.h; name = MGTwitterMiscParser.h; path = "vendor/mg-twitter-engine/MGTwitterMiscParser.h"; sourceTree = "<group>"; };
		05B237FC0FEDB20900A6A2E6 /* MGTwitterMiscParser.m */ = {isa = PBXFileReference; fileEncoding = 4; lastKnownFileType = sourcecode.c.objc; name = MGTwitterMiscParser.m; path = "vendor/mg-twitter-engine/MGTwitterMiscParser.m"; sourceTree = "<group>"; };
		05B237FD0FEDB20900A6A2E6 /* MGTwitterParserDelegate.h */ = {isa = PBXFileReference; fileEncoding = 4; lastKnownFileType = sourcecode.c.h; name = MGTwitterParserDelegate.h; path = "vendor/mg-twitter-engine/MGTwitterParserDelegate.h"; sourceTree = "<group>"; };
		05B237FE0FEDB20900A6A2E6 /* MGTwitterRequestTypes.h */ = {isa = PBXFileReference; fileEncoding = 4; lastKnownFileType = sourcecode.c.h; name = MGTwitterRequestTypes.h; path = "vendor/mg-twitter-engine/MGTwitterRequestTypes.h"; sourceTree = "<group>"; };
		05B237FF0FEDB20900A6A2E6 /* MGTwitterStatusesLibXMLParser.h */ = {isa = PBXFileReference; fileEncoding = 4; lastKnownFileType = sourcecode.c.h; name = MGTwitterStatusesLibXMLParser.h; path = "vendor/mg-twitter-engine/MGTwitterStatusesLibXMLParser.h"; sourceTree = "<group>"; };
		05B238000FEDB20900A6A2E6 /* MGTwitterStatusesLibXMLParser.m */ = {isa = PBXFileReference; fileEncoding = 4; lastKnownFileType = sourcecode.c.objc; name = MGTwitterStatusesLibXMLParser.m; path = "vendor/mg-twitter-engine/MGTwitterStatusesLibXMLParser.m"; sourceTree = "<group>"; };
		05B238010FEDB20900A6A2E6 /* MGTwitterStatusesParser.h */ = {isa = PBXFileReference; fileEncoding = 4; lastKnownFileType = sourcecode.c.h; name = MGTwitterStatusesParser.h; path = "vendor/mg-twitter-engine/MGTwitterStatusesParser.h"; sourceTree = "<group>"; };
		05B238020FEDB20900A6A2E6 /* MGTwitterStatusesParser.m */ = {isa = PBXFileReference; fileEncoding = 4; lastKnownFileType = sourcecode.c.objc; name = MGTwitterStatusesParser.m; path = "vendor/mg-twitter-engine/MGTwitterStatusesParser.m"; sourceTree = "<group>"; };
		05B238030FEDB20900A6A2E6 /* MGTwitterUsersLibXMLParser.h */ = {isa = PBXFileReference; fileEncoding = 4; lastKnownFileType = sourcecode.c.h; name = MGTwitterUsersLibXMLParser.h; path = "vendor/mg-twitter-engine/MGTwitterUsersLibXMLParser.h"; sourceTree = "<group>"; };
		05B238040FEDB20900A6A2E6 /* MGTwitterUsersLibXMLParser.m */ = {isa = PBXFileReference; fileEncoding = 4; lastKnownFileType = sourcecode.c.objc; name = MGTwitterUsersLibXMLParser.m; path = "vendor/mg-twitter-engine/MGTwitterUsersLibXMLParser.m"; sourceTree = "<group>"; };
		05B238050FEDB20900A6A2E6 /* MGTwitterUsersParser.h */ = {isa = PBXFileReference; fileEncoding = 4; lastKnownFileType = sourcecode.c.h; name = MGTwitterUsersParser.h; path = "vendor/mg-twitter-engine/MGTwitterUsersParser.h"; sourceTree = "<group>"; };
		05B238060FEDB20900A6A2E6 /* MGTwitterUsersParser.m */ = {isa = PBXFileReference; fileEncoding = 4; lastKnownFileType = sourcecode.c.objc; name = MGTwitterUsersParser.m; path = "vendor/mg-twitter-engine/MGTwitterUsersParser.m"; sourceTree = "<group>"; };
		05B238070FEDB20900A6A2E6 /* MGTwitterXMLParser.h */ = {isa = PBXFileReference; fileEncoding = 4; lastKnownFileType = sourcecode.c.h; name = MGTwitterXMLParser.h; path = "vendor/mg-twitter-engine/MGTwitterXMLParser.h"; sourceTree = "<group>"; };
		05B238080FEDB20900A6A2E6 /* MGTwitterXMLParser.m */ = {isa = PBXFileReference; fileEncoding = 4; lastKnownFileType = sourcecode.c.objc; name = MGTwitterXMLParser.m; path = "vendor/mg-twitter-engine/MGTwitterXMLParser.m"; sourceTree = "<group>"; };
		05B238090FEDB20900A6A2E6 /* NSData+Base64.h */ = {isa = PBXFileReference; fileEncoding = 4; lastKnownFileType = sourcecode.c.h; name = "NSData+Base64.h"; path = "vendor/mg-twitter-engine/NSData+Base64.h"; sourceTree = "<group>"; };
		05B2380A0FEDB20900A6A2E6 /* NSData+Base64.m */ = {isa = PBXFileReference; fileEncoding = 4; lastKnownFileType = sourcecode.c.objc; name = "NSData+Base64.m"; path = "vendor/mg-twitter-engine/NSData+Base64.m"; sourceTree = "<group>"; };
		05B2380B0FEDB20900A6A2E6 /* NSString+UUID.h */ = {isa = PBXFileReference; fileEncoding = 4; lastKnownFileType = sourcecode.c.h; name = "NSString+UUID.h"; path = "vendor/mg-twitter-engine/NSString+UUID.h"; sourceTree = "<group>"; };
		05B2380C0FEDB20900A6A2E6 /* NSString+UUID.m */ = {isa = PBXFileReference; fileEncoding = 4; lastKnownFileType = sourcecode.c.objc; name = "NSString+UUID.m"; path = "vendor/mg-twitter-engine/NSString+UUID.m"; sourceTree = "<group>"; };
		05B238310FEDBA6600A6A2E6 /* libxml2.dylib */ = {isa = PBXFileReference; lastKnownFileType = "compiled.mach-o.dylib"; name = libxml2.dylib; path = usr/lib/libxml2.dylib; sourceTree = SDKROOT; };
		05B2387B0FEDC15800A6A2E6 /* DeviceRegistrar.h */ = {isa = PBXFileReference; fileEncoding = 4; lastKnownFileType = sourcecode.c.h; name = DeviceRegistrar.h; path = "push-notifications/DeviceRegistrar.h"; sourceTree = "<group>"; };
		05B2387C0FEDC15800A6A2E6 /* DeviceRegistrar.m */ = {isa = PBXFileReference; fileEncoding = 4; lastKnownFileType = sourcecode.c.objc; name = DeviceRegistrar.m; path = "push-notifications/DeviceRegistrar.m"; sourceTree = "<group>"; };
		05B2387F0FEDC29400A6A2E6 /* LogInDisplayMgr.h */ = {isa = PBXFileReference; fileEncoding = 4; lastKnownFileType = sourcecode.c.h; name = LogInDisplayMgr.h; path = "log-in/LogInDisplayMgr.h"; sourceTree = "<group>"; };
		05B238800FEDC29400A6A2E6 /* LogInDisplayMgr.m */ = {isa = PBXFileReference; fileEncoding = 4; lastKnownFileType = sourcecode.c.objc; name = LogInDisplayMgr.m; path = "log-in/LogInDisplayMgr.m"; sourceTree = "<group>"; };
		05B238830FEDC34200A6A2E6 /* en */ = {isa = PBXFileReference; lastKnownFileType = file.xib; name = en; path = nibs/en.lproj/MainWindow.xib; sourceTree = "<group>"; };
		05B238890FEDC35400A6A2E6 /* en */ = {isa = PBXFileReference; lastKnownFileType = file.xib; name = en; path = nibs/en.lproj/LogInView.xib; sourceTree = "<group>"; };
		05B238DF0FEDC4F700A6A2E6 /* LogInViewController.h */ = {isa = PBXFileReference; fileEncoding = 4; lastKnownFileType = sourcecode.c.h; name = LogInViewController.h; path = "log-in/LogInViewController.h"; sourceTree = "<group>"; };
		05B238E00FEDC4F700A6A2E6 /* LogInViewController.m */ = {isa = PBXFileReference; fileEncoding = 4; lastKnownFileType = sourcecode.c.objc; name = LogInViewController.m; path = "log-in/LogInViewController.m"; sourceTree = "<group>"; };
		05B238E10FEDC4F700A6A2E6 /* LogInViewControllerDelegate.h */ = {isa = PBXFileReference; fileEncoding = 4; lastKnownFileType = sourcecode.c.h; name = LogInViewControllerDelegate.h; path = "log-in/LogInViewControllerDelegate.h"; sourceTree = "<group>"; };
		05B2393D0FEDD06D00A6A2E6 /* UIAlertView+InstantiationAdditions.h */ = {isa = PBXFileReference; fileEncoding = 4; lastKnownFileType = sourcecode.c.h; name = "UIAlertView+InstantiationAdditions.h"; path = "shared/UIAlertView+InstantiationAdditions.h"; sourceTree = "<group>"; };
		05B2393E0FEDD06D00A6A2E6 /* UIAlertView+InstantiationAdditions.m */ = {isa = PBXFileReference; fileEncoding = 4; lastKnownFileType = sourcecode.c.objc; name = "UIAlertView+InstantiationAdditions.m"; path = "shared/UIAlertView+InstantiationAdditions.m"; sourceTree = "<group>"; };
		05B239480FEDD10900A6A2E6 /* en */ = {isa = PBXFileReference; fileEncoding = 4; lastKnownFileType = text.plist.strings; name = en; path = Localizable.strings; sourceTree = "<group>"; };
		05B239650FEDD1E500A6A2E6 /* AbstractUpdatePublisher.h */ = {isa = PBXFileReference; fileEncoding = 4; lastKnownFileType = sourcecode.c.h; name = AbstractUpdatePublisher.h; path = publishers/AbstractUpdatePublisher.h; sourceTree = "<group>"; };
		05B239660FEDD1E500A6A2E6 /* AbstractUpdatePublisher.m */ = {isa = PBXFileReference; fileEncoding = 4; lastKnownFileType = sourcecode.c.objc; name = AbstractUpdatePublisher.m; path = publishers/AbstractUpdatePublisher.m; sourceTree = "<group>"; };
		05B2396A0FEDD21B00A6A2E6 /* CredentialsUpdatePublisher.h */ = {isa = PBXFileReference; fileEncoding = 4; lastKnownFileType = sourcecode.c.h; name = CredentialsUpdatePublisher.h; path = publishers/CredentialsUpdatePublisher.h; sourceTree = "<group>"; };
		05B2396B0FEDD21B00A6A2E6 /* CredentialsUpdatePublisher.m */ = {isa = PBXFileReference; fileEncoding = 4; lastKnownFileType = sourcecode.c.objc; name = CredentialsUpdatePublisher.m; path = publishers/CredentialsUpdatePublisher.m; sourceTree = "<group>"; };
		05B239F00FEEABBB00A6A2E6 /* twitch.xcdatamodel */ = {isa = PBXFileReference; fileEncoding = 4; lastKnownFileType = wrapper.xcdatamodel; name = twitch.xcdatamodel; path = "data-model/twitch.xcdatamodel"; sourceTree = "<group>"; };
		05B23A310FEEB29D00A6A2E6 /* CoreData.framework */ = {isa = PBXFileReference; lastKnownFileType = wrapper.framework; name = CoreData.framework; path = System/Library/Frameworks/CoreData.framework; sourceTree = SDKROOT; };
		05B23AC20FEEC09800A6A2E6 /* DeviceRegistrarDelegate.h */ = {isa = PBXFileReference; fileEncoding = 4; lastKnownFileType = sourcecode.c.h; name = DeviceRegistrarDelegate.h; path = "push-notifications/DeviceRegistrarDelegate.h"; sourceTree = "<group>"; };
		05B23AC80FEEC2AE00A6A2E6 /* ConfigReader.h */ = {isa = PBXFileReference; fileEncoding = 4; lastKnownFileType = sourcecode.c.h; name = ConfigReader.h; path = configuration/ConfigReader.h; sourceTree = "<group>"; };
		05B23AC90FEEC2AE00A6A2E6 /* InfoPlistConfigReader.h */ = {isa = PBXFileReference; fileEncoding = 4; lastKnownFileType = sourcecode.c.h; name = InfoPlistConfigReader.h; path = configuration/InfoPlistConfigReader.h; sourceTree = "<group>"; };
		05B23ACA0FEEC2AE00A6A2E6 /* InfoPlistConfigReader.m */ = {isa = PBXFileReference; fileEncoding = 4; lastKnownFileType = sourcecode.c.objc; name = InfoPlistConfigReader.m; path = configuration/InfoPlistConfigReader.m; sourceTree = "<group>"; };
		05B23B100FEEC48C00A6A2E6 /* PListUtils.h */ = {isa = PBXFileReference; fileEncoding = 4; lastKnownFileType = sourcecode.c.h; name = PListUtils.h; path = shared/PListUtils.h; sourceTree = "<group>"; };
		05B23B110FEEC48C00A6A2E6 /* PListUtils.m */ = {isa = PBXFileReference; fileEncoding = 4; lastKnownFileType = sourcecode.c.objc; name = PListUtils.m; path = shared/PListUtils.m; sourceTree = "<group>"; };
		05B23B380FEEC6AB00A6A2E6 /* TwitterService.h */ = {isa = PBXFileReference; fileEncoding = 4; lastKnownFileType = sourcecode.c.h; name = TwitterService.h; path = twitter/TwitterService.h; sourceTree = "<group>"; };
		05B23B390FEEC6AB00A6A2E6 /* TwitterService.m */ = {isa = PBXFileReference; fileEncoding = 4; lastKnownFileType = sourcecode.c.objc; name = TwitterService.m; path = twitter/TwitterService.m; sourceTree = "<group>"; };
		05B23B3B0FEECECD00A6A2E6 /* TwitterServiceDelegate.h */ = {isa = PBXFileReference; fileEncoding = 4; lastKnownFileType = sourcecode.c.h; name = TwitterServiceDelegate.h; path = twitter/TwitterServiceDelegate.h; sourceTree = "<group>"; };
		05B23B440FEED55100A6A2E6 /* ResponseProcessor.h */ = {isa = PBXFileReference; fileEncoding = 4; lastKnownFileType = sourcecode.c.h; name = ResponseProcessor.h; path = twitter/processors/ResponseProcessor.h; sourceTree = "<group>"; };
		05B23B450FEED55100A6A2E6 /* ResponseProcessor.m */ = {isa = PBXFileReference; fileEncoding = 4; lastKnownFileType = sourcecode.c.objc; name = ResponseProcessor.m; path = twitter/processors/ResponseProcessor.m; sourceTree = "<group>"; };
		05B23B470FEED5A000A6A2E6 /* CheckCredentialsResponseProcessor.h */ = {isa = PBXFileReference; fileEncoding = 4; lastKnownFileType = sourcecode.c.h; name = CheckCredentialsResponseProcessor.h; path = twitter/processors/CheckCredentialsResponseProcessor.h; sourceTree = "<group>"; };
		05B23B480FEED5A000A6A2E6 /* CheckCredentialsResponseProcessor.m */ = {isa = PBXFileReference; fileEncoding = 4; lastKnownFileType = sourcecode.c.objc; name = CheckCredentialsResponseProcessor.m; path = twitter/processors/CheckCredentialsResponseProcessor.m; sourceTree = "<group>"; };
		05B23B4A0FEED5C600A6A2E6 /* FetchTimelineResponseProcessor.h */ = {isa = PBXFileReference; fileEncoding = 4; lastKnownFileType = sourcecode.c.h; name = FetchTimelineResponseProcessor.h; path = twitter/processors/FetchTimelineResponseProcessor.h; sourceTree = "<group>"; };
		05B23B4B0FEED5C600A6A2E6 /* FetchTimelineResponseProcessor.m */ = {isa = PBXFileReference; fileEncoding = 4; lastKnownFileType = sourcecode.c.objc; name = FetchTimelineResponseProcessor.m; path = twitter/processors/FetchTimelineResponseProcessor.m; sourceTree = "<group>"; };
		05B23B4D0FEED7DD00A6A2E6 /* ResponseProcessors.h */ = {isa = PBXFileReference; fileEncoding = 4; lastKnownFileType = sourcecode.c.h; name = ResponseProcessors.h; path = twitter/processors/ResponseProcessors.h; sourceTree = "<group>"; };
		05B23C140FEEEFB000A6A2E6 /* User.h */ = {isa = PBXFileReference; fileEncoding = 4; lastKnownFileType = sourcecode.c.h; name = User.h; path = users/User.h; sourceTree = "<group>"; };
		05B23C150FEEEFB000A6A2E6 /* User.m */ = {isa = PBXFileReference; fileEncoding = 4; lastKnownFileType = sourcecode.c.objc; name = User.m; path = users/User.m; sourceTree = "<group>"; };
		05B23C190FEEEFC700A6A2E6 /* Tweet.h */ = {isa = PBXFileReference; fileEncoding = 4; lastKnownFileType = sourcecode.c.h; name = Tweet.h; path = tweets/Tweet.h; sourceTree = "<group>"; };
		05B23C1A0FEEEFC700A6A2E6 /* Tweet.m */ = {isa = PBXFileReference; fileEncoding = 4; lastKnownFileType = sourcecode.c.objc; name = Tweet.m; path = tweets/Tweet.m; sourceTree = "<group>"; };
		05B23C670FEEF39200A6A2E6 /* TwitterCredentials.h */ = {isa = PBXFileReference; fileEncoding = 4; lastKnownFileType = sourcecode.c.h; name = TwitterCredentials.h; path = twitter/TwitterCredentials.h; sourceTree = "<group>"; };
		05B23C680FEEF39200A6A2E6 /* TwitterCredentials.m */ = {isa = PBXFileReference; fileEncoding = 4; lastKnownFileType = sourcecode.c.objc; name = TwitterCredentials.m; path = twitter/TwitterCredentials.m; sourceTree = "<group>"; };
		1D30AB110D05D00D00671497 /* Foundation.framework */ = {isa = PBXFileReference; lastKnownFileType = wrapper.framework; name = Foundation.framework; path = System/Library/Frameworks/Foundation.framework; sourceTree = SDKROOT; };
		1D6058910D05DD3D006BFB54 /* Twitch.app */ = {isa = PBXFileReference; explicitFileType = wrapper.application; includeInIndex = 0; path = Twitch.app; sourceTree = BUILT_PRODUCTS_DIR; };
		1DF5F4DF0D08C38300B7A737 /* UIKit.framework */ = {isa = PBXFileReference; lastKnownFileType = wrapper.framework; name = UIKit.framework; path = System/Library/Frameworks/UIKit.framework; sourceTree = SDKROOT; };
		288765070DF74369002DB57D /* CoreGraphics.framework */ = {isa = PBXFileReference; lastKnownFileType = wrapper.framework; name = CoreGraphics.framework; path = System/Library/Frameworks/CoreGraphics.framework; sourceTree = SDKROOT; };
		28A0AB4B0D9B1048005BE974 /* twitch_Prefix.pch */ = {isa = PBXFileReference; fileEncoding = 4; lastKnownFileType = sourcecode.c.h; path = twitch_Prefix.pch; sourceTree = "<group>"; };
		29B97316FDCFA39411CA2CEA /* main.m */ = {isa = PBXFileReference; fileEncoding = 4; lastKnownFileType = sourcecode.c.objc; path = main.m; sourceTree = "<group>"; };
		8D1107310486CEB800E47090 /* twitch-Info.plist */ = {isa = PBXFileReference; fileEncoding = 4; lastKnownFileType = text.plist.xml; path = "twitch-Info.plist"; plistStructureDefinitionIdentifier = "com.apple.xcode.plist.structure-definition.iphone.info-plist"; sourceTree = "<group>"; };
		916BD7990FEEADD7007143A9 /* NetworkAwareViewController.h */ = {isa = PBXFileReference; fileEncoding = 4; lastKnownFileType = sourcecode.c.h; name = NetworkAwareViewController.h; path = shared/NetworkAwareViewController.h; sourceTree = "<group>"; };
		916BD79A0FEEADD7007143A9 /* NetworkAwareViewController.m */ = {isa = PBXFileReference; fileEncoding = 4; lastKnownFileType = sourcecode.c.objc; name = NetworkAwareViewController.m; path = shared/NetworkAwareViewController.m; sourceTree = "<group>"; };
		916BD79B0FEEADD7007143A9 /* NetworkAwareViewControllerDelegate.h */ = {isa = PBXFileReference; fileEncoding = 4; lastKnownFileType = sourcecode.c.h; name = NetworkAwareViewControllerDelegate.h; path = shared/NetworkAwareViewControllerDelegate.h; sourceTree = "<group>"; };
		916BD79C0FEEADD7007143A9 /* NSArray+IterationAdditions.h */ = {isa = PBXFileReference; fileEncoding = 4; lastKnownFileType = sourcecode.c.h; name = "NSArray+IterationAdditions.h"; path = "shared/NSArray+IterationAdditions.h"; sourceTree = "<group>"; };
		916BD79D0FEEADD7007143A9 /* NSArray+IterationAdditions.m */ = {isa = PBXFileReference; fileEncoding = 4; lastKnownFileType = sourcecode.c.objc; name = "NSArray+IterationAdditions.m"; path = "shared/NSArray+IterationAdditions.m"; sourceTree = "<group>"; };
		916BD79E0FEEADD7007143A9 /* NSDate+IsToday.h */ = {isa = PBXFileReference; fileEncoding = 4; lastKnownFileType = sourcecode.c.h; name = "NSDate+IsToday.h"; path = "shared/NSDate+IsToday.h"; sourceTree = "<group>"; };
		916BD79F0FEEADD7007143A9 /* NSDate+IsToday.m */ = {isa = PBXFileReference; fileEncoding = 4; lastKnownFileType = sourcecode.c.objc; name = "NSDate+IsToday.m"; path = "shared/NSDate+IsToday.m"; sourceTree = "<group>"; };
		916BD7A00FEEADD7007143A9 /* NSDate+TwitterStringHelpers.h */ = {isa = PBXFileReference; fileEncoding = 4; lastKnownFileType = sourcecode.c.h; name = "NSDate+TwitterStringHelpers.h"; path = "shared/NSDate+TwitterStringHelpers.h"; sourceTree = "<group>"; };
		916BD7A10FEEADD7007143A9 /* NSDate+TwitterStringHelpers.m */ = {isa = PBXFileReference; fileEncoding = 4; lastKnownFileType = sourcecode.c.objc; name = "NSDate+TwitterStringHelpers.m"; path = "shared/NSDate+TwitterStringHelpers.m"; sourceTree = "<group>"; };
		916BD7A20FEEADD7007143A9 /* NSDate+StringHelpers.h */ = {isa = PBXFileReference; fileEncoding = 4; lastKnownFileType = sourcecode.c.h; name = "NSDate+StringHelpers.h"; path = "shared/NSDate+StringHelpers.h"; sourceTree = "<group>"; };
		916BD7A30FEEADD7007143A9 /* NSDate+StringHelpers.m */ = {isa = PBXFileReference; fileEncoding = 4; lastKnownFileType = sourcecode.c.objc; name = "NSDate+StringHelpers.m"; path = "shared/NSDate+StringHelpers.m"; sourceTree = "<group>"; };
		916BD7A40FEEADD7007143A9 /* NSError+InstantiationAdditions.h */ = {isa = PBXFileReference; fileEncoding = 4; lastKnownFileType = sourcecode.c.h; name = "NSError+InstantiationAdditions.h"; path = "shared/NSError+InstantiationAdditions.h"; sourceTree = "<group>"; };
		916BD7A50FEEADD7007143A9 /* NSError+InstantiationAdditions.m */ = {isa = PBXFileReference; fileEncoding = 4; lastKnownFileType = sourcecode.c.objc; name = "NSError+InstantiationAdditions.m"; path = "shared/NSError+InstantiationAdditions.m"; sourceTree = "<group>"; };
		916BD7A60FEEADD7007143A9 /* UIColor+TwitchColors.h */ = {isa = PBXFileReference; fileEncoding = 4; lastKnownFileType = sourcecode.c.h; name = "UIColor+TwitchColors.h"; path = "shared/UIColor+TwitchColors.h"; sourceTree = "<group>"; };
		916BD7A70FEEADD7007143A9 /* UIColor+TwitchColors.m */ = {isa = PBXFileReference; fileEncoding = 4; lastKnownFileType = sourcecode.c.objc; name = "UIColor+TwitchColors.m"; path = "shared/UIColor+TwitchColors.m"; sourceTree = "<group>"; };
		916BD7A80FEEADD7007143A9 /* UITableViewCell+InstantiationAdditions.h */ = {isa = PBXFileReference; fileEncoding = 4; lastKnownFileType = sourcecode.c.h; name = "UITableViewCell+InstantiationAdditions.h"; path = "shared/UITableViewCell+InstantiationAdditions.h"; sourceTree = "<group>"; };
		916BD7A90FEEADD7007143A9 /* UITableViewCell+InstantiationAdditions.m */ = {isa = PBXFileReference; fileEncoding = 4; lastKnownFileType = sourcecode.c.objc; name = "UITableViewCell+InstantiationAdditions.m"; path = "shared/UITableViewCell+InstantiationAdditions.m"; sourceTree = "<group>"; };
		916BD7AA0FEEADD7007143A9 /* UIWebView+FileLoadingAdditions.h */ = {isa = PBXFileReference; fileEncoding = 4; lastKnownFileType = sourcecode.c.h; name = "UIWebView+FileLoadingAdditions.h"; path = "shared/UIWebView+FileLoadingAdditions.h"; sourceTree = "<group>"; };
		916BD7AB0FEEADD7007143A9 /* UIWebView+FileLoadingAdditions.m */ = {isa = PBXFileReference; fileEncoding = 4; lastKnownFileType = sourcecode.c.objc; name = "UIWebView+FileLoadingAdditions.m"; path = "shared/UIWebView+FileLoadingAdditions.m"; sourceTree = "<group>"; };
		916BD7B60FEEAED1007143A9 /* NoDataViewController.h */ = {isa = PBXFileReference; fileEncoding = 4; lastKnownFileType = sourcecode.c.h; name = NoDataViewController.h; path = shared/NoDataViewController.h; sourceTree = "<group>"; };
		916BD7B70FEEAED1007143A9 /* NoDataViewController.m */ = {isa = PBXFileReference; fileEncoding = 4; lastKnownFileType = sourcecode.c.objc; name = NoDataViewController.m; path = shared/NoDataViewController.m; sourceTree = "<group>"; };
		916BD7BC0FEEAF13007143A9 /* NSObject+RuntimeAdditions.h */ = {isa = PBXFileReference; fileEncoding = 4; lastKnownFileType = sourcecode.c.h; name = "NSObject+RuntimeAdditions.h"; path = "shared/NSObject+RuntimeAdditions.h"; sourceTree = "<group>"; };
		916BD7BD0FEEAF13007143A9 /* NSObject+RuntimeAdditions.m */ = {isa = PBXFileReference; fileEncoding = 4; lastKnownFileType = sourcecode.c.objc; name = "NSObject+RuntimeAdditions.m"; path = "shared/NSObject+RuntimeAdditions.m"; sourceTree = "<group>"; };
		916BD7CC0FEEB11F007143A9 /* HomeIcon.png */ = {isa = PBXFileReference; lastKnownFileType = image.png; name = HomeIcon.png; path = images/HomeIcon.png; sourceTree = "<group>"; };
		916BD7CE0FEEB193007143A9 /* HomeIconWhite.png */ = {isa = PBXFileReference; lastKnownFileType = image.png; name = HomeIconWhite.png; path = images/HomeIconWhite.png; sourceTree = "<group>"; };
		916BD7D00FEEB2DE007143A9 /* MentionsIcon.png */ = {isa = PBXFileReference; lastKnownFileType = image.png; name = MentionsIcon.png; path = images/MentionsIcon.png; sourceTree = "<group>"; };
		916BD7D20FEEB49B007143A9 /* Envelope.png */ = {isa = PBXFileReference; lastKnownFileType = image.png; name = Envelope.png; path = images/Envelope.png; sourceTree = "<group>"; };
		916BD7D30FEEB49B007143A9 /* LineChart.png */ = {isa = PBXFileReference; lastKnownFileType = image.png; name = LineChart.png; path = images/LineChart.png; sourceTree = "<group>"; };
		916BD7D60FEEB5CB007143A9 /* Star.png */ = {isa = PBXFileReference; lastKnownFileType = image.png; name = Star.png; path = images/Star.png; sourceTree = "<group>"; };
		916BD7D80FEEB770007143A9 /* Profile.png */ = {isa = PBXFileReference; lastKnownFileType = image.png; name = Profile.png; path = images/Profile.png; sourceTree = "<group>"; };
		916BD7DA0FEEB839007143A9 /* Gear.png */ = {isa = PBXFileReference; lastKnownFileType = image.png; name = Gear.png; path = images/Gear.png; sourceTree = "<group>"; };
		916BD7DB0FEEB839007143A9 /* House.png */ = {isa = PBXFileReference; lastKnownFileType = image.png; name = House.png; path = images/House.png; sourceTree = "<group>"; };
		916BD7EE0FEEB958007143A9 /* en */ = {isa = PBXFileReference; lastKnownFileType = file.xib; name = en; path = nibs/en.lproj/NoDataView.xib; sourceTree = "<group>"; };
		916BD8030FEEBD56007143A9 /* en */ = {isa = PBXFileReference; lastKnownFileType = file.xib; name = en; path = nibs/en.lproj/TimelineView.xib; sourceTree = "<group>"; };
		916BD8140FEEBE26007143A9 /* TimelineViewController.h */ = {isa = PBXFileReference; fileEncoding = 4; lastKnownFileType = sourcecode.c.h; name = TimelineViewController.h; path = timeline/TimelineViewController.h; sourceTree = "<group>"; };
		916BD8150FEEBE26007143A9 /* TimelineViewController.m */ = {isa = PBXFileReference; fileEncoding = 4; lastKnownFileType = sourcecode.c.objc; name = TimelineViewController.m; path = timeline/TimelineViewController.m; sourceTree = "<group>"; };
		916BD8170FEEBE35007143A9 /* TimelineDisplayMgr.h */ = {isa = PBXFileReference; fileEncoding = 4; lastKnownFileType = sourcecode.c.h; name = TimelineDisplayMgr.h; path = timeline/TimelineDisplayMgr.h; sourceTree = "<group>"; };
		916BD8180FEEBE35007143A9 /* TimelineDisplayMgr.m */ = {isa = PBXFileReference; fileEncoding = 4; lastKnownFileType = sourcecode.c.objc; name = TimelineDisplayMgr.m; path = timeline/TimelineDisplayMgr.m; sourceTree = "<group>"; };
		916BD81D0FEEC12B007143A9 /* TimelineDisplayMgrFactory.h */ = {isa = PBXFileReference; fileEncoding = 4; lastKnownFileType = sourcecode.c.h; name = TimelineDisplayMgrFactory.h; path = timeline/TimelineDisplayMgrFactory.h; sourceTree = "<group>"; };
		916BD81E0FEEC12B007143A9 /* TimelineDisplayMgrFactory.m */ = {isa = PBXFileReference; fileEncoding = 4; lastKnownFileType = sourcecode.c.objc; name = TimelineDisplayMgrFactory.m; path = timeline/TimelineDisplayMgrFactory.m; sourceTree = "<group>"; };
		916BD88D0FEED9DE007143A9 /* TableViewCellGradient.png */ = {isa = PBXFileReference; lastKnownFileType = image.png; name = TableViewCellGradient.png; path = images/TableViewCellGradient.png; sourceTree = "<group>"; };
		916BD8940FEEDAD9007143A9 /* Default.png */ = {isa = PBXFileReference; lastKnownFileType = image.png; name = Default.png; path = images/Default.png; sourceTree = "<group>"; };
		916BD8950FEEDAD9007143A9 /* DefaultAvatar.png */ = {isa = PBXFileReference; lastKnownFileType = image.png; name = DefaultAvatar.png; path = images/DefaultAvatar.png; sourceTree = "<group>"; };
		916BD8A20FEEDFBD007143A9 /* UserHeaderGradient.png */ = {isa = PBXFileReference; lastKnownFileType = image.png; name = UserHeaderGradient.png; path = images/UserHeaderGradient.png; sourceTree = "<group>"; };
		916BD8BD0FEEEE4A007143A9 /* RoundedImage.h */ = {isa = PBXFileReference; fileEncoding = 4; lastKnownFileType = sourcecode.c.h; name = RoundedImage.h; path = shared/RoundedImage.h; sourceTree = "<group>"; };
		916BD8BE0FEEEE4A007143A9 /* RoundedImage.m */ = {isa = PBXFileReference; fileEncoding = 4; lastKnownFileType = sourcecode.c.objc; name = RoundedImage.m; path = shared/RoundedImage.m; sourceTree = "<group>"; };
		916BD9110FEEFB07007143A9 /* en */ = {isa = PBXFileReference; lastKnownFileType = file.xib; name = en; path = nibs/en.lproj/TimelineTableViewCell.xib; sourceTree = "<group>"; };
		916BD9130FEEFB24007143A9 /* TimelineTableViewCell.h */ = {isa = PBXFileReference; fileEncoding = 4; lastKnownFileType = sourcecode.c.h; name = TimelineTableViewCell.h; path = timeline/TimelineTableViewCell.h; sourceTree = "<group>"; };
		916BD9140FEEFB24007143A9 /* TimelineTableViewCell.m */ = {isa = PBXFileReference; fileEncoding = 4; lastKnownFileType = sourcecode.c.objc; name = TimelineTableViewCell.m; path = timeline/TimelineTableViewCell.m; sourceTree = "<group>"; };
		916BD9D10FEF3D05007143A9 /* UILabel+DrawingAdditions.h */ = {isa = PBXFileReference; fileEncoding = 4; lastKnownFileType = sourcecode.c.h; name = "UILabel+DrawingAdditions.h"; path = "shared/UILabel+DrawingAdditions.h"; sourceTree = "<group>"; };
		916BD9D20FEF3D05007143A9 /* UILabel+DrawingAdditions.m */ = {isa = PBXFileReference; fileEncoding = 4; lastKnownFileType = sourcecode.c.objc; name = "UILabel+DrawingAdditions.m"; path = "shared/UILabel+DrawingAdditions.m"; sourceTree = "<group>"; };
		916BD9F50FEF46B1007143A9 /* en */ = {isa = PBXFileReference; lastKnownFileType = file.xib; name = en; path = nibs/en.lproj/TweetDetailsView.xib; sourceTree = "<group>"; };
		916BD9F80FEF46E4007143A9 /* TweetDetailsViewController.h */ = {isa = PBXFileReference; fileEncoding = 4; lastKnownFileType = sourcecode.c.h; name = TweetDetailsViewController.h; path = timeline/TweetDetailsViewController.h; sourceTree = "<group>"; };
		916BD9F90FEF46E4007143A9 /* TweetDetailsViewController.m */ = {isa = PBXFileReference; fileEncoding = 4; lastKnownFileType = sourcecode.c.objc; name = TweetDetailsViewController.m; path = timeline/TweetDetailsViewController.m; sourceTree = "<group>"; };
		916BD9FB0FEF4986007143A9 /* TimelineViewControllerDelegate.h */ = {isa = PBXFileReference; fileEncoding = 4; lastKnownFileType = sourcecode.c.h; name = TimelineViewControllerDelegate.h; path = timeline/TimelineViewControllerDelegate.h; sourceTree = "<group>"; };
		916BDA140FEF4E96007143A9 /* TweetDetailsViewDelegate.h */ = {isa = PBXFileReference; fileEncoding = 4; lastKnownFileType = sourcecode.c.h; name = TweetDetailsViewDelegate.h; path = timeline/TweetDetailsViewDelegate.h; sourceTree = "<group>"; };
		916BDA4D0FEF573A007143A9 /* tweet-style.css */ = {isa = PBXFileReference; fileEncoding = 4; lastKnownFileType = text.css; path = "tweet-style.css"; sourceTree = "<group>"; };
		91E000420FEF76E800BCE9BC /* Favorite.png */ = {isa = PBXFileReference; lastKnownFileType = image.png; name = Favorite.png; path = images/Favorite.png; sourceTree = "<group>"; };
		91E0004B0FEF786300BCE9BC /* NotFavorite.png */ = {isa = PBXFileReference; lastKnownFileType = image.png; name = NotFavorite.png; path = images/NotFavorite.png; sourceTree = "<group>"; };
		91E000870FEFFABB00BCE9BC /* TweetDetailsHeaderGradient.png */ = {isa = PBXFileReference; lastKnownFileType = image.png; name = TweetDetailsHeaderGradient.png; path = images/TweetDetailsHeaderGradient.png; sourceTree = "<group>"; };
		91E000940FEFFCC700BCE9BC /* DropShadow.png */ = {isa = PBXFileReference; lastKnownFileType = image.png; name = DropShadow.png; path = images/DropShadow.png; sourceTree = "<group>"; };
/* End PBXFileReference section */

/* Begin PBXFrameworksBuildPhase section */
		1D60588F0D05DD3D006BFB54 /* Frameworks */ = {
			isa = PBXFrameworksBuildPhase;
			buildActionMask = 2147483647;
			files = (
				1D60589F0D05DD5A006BFB54 /* Foundation.framework in Frameworks */,
				1DF5F4E00D08C38300B7A737 /* UIKit.framework in Frameworks */,
				288765080DF74369002DB57D /* CoreGraphics.framework in Frameworks */,
				05B238320FEDBA6600A6A2E6 /* libxml2.dylib in Frameworks */,
				05B23A320FEEB29D00A6A2E6 /* CoreData.framework in Frameworks */,
			);
			runOnlyForDeploymentPostprocessing = 0;
		};
/* End PBXFrameworksBuildPhase section */

/* Begin PBXGroup section */
		052C64150FED700B00B259D7 /* app-controller */ = {
			isa = PBXGroup;
			children = (
				052C64170FED703200B259D7 /* TwitchAppDelegate.h */,
				052C64180FED703200B259D7 /* TwitchAppDelegate.m */,
			);
			name = "app-controller";
			sourceTree = "<group>";
		};
		055B78280FED7D31008859F7 /* push-notifications */ = {
			isa = PBXGroup;
			children = (
				05B2387B0FEDC15800A6A2E6 /* DeviceRegistrar.h */,
				05B2387C0FEDC15800A6A2E6 /* DeviceRegistrar.m */,
				05B23AC20FEEC09800A6A2E6 /* DeviceRegistrarDelegate.h */,
			);
			name = "push-notifications";
			sourceTree = "<group>";
		};
		055B791E0FEDB1B9008859F7 /* vendor */ = {
			isa = PBXGroup;
			children = (
				05B237EB0FEDB1FA00A6A2E6 /* mg-twitter-engine */,
			);
			name = vendor;
			sourceTree = "<group>";
		};
		05B237EB0FEDB1FA00A6A2E6 /* mg-twitter-engine */ = {
			isa = PBXGroup;
			children = (
				05B237ED0FEDB20900A6A2E6 /* MGTwitterEngine.h */,
				05B237EE0FEDB20900A6A2E6 /* MGTwitterEngine.m */,
				05B237EF0FEDB20900A6A2E6 /* MGTwitterEngineDelegate.h */,
				05B237F00FEDB20900A6A2E6 /* MGTwitterEngineGlobalHeader.h */,
				05B237F10FEDB20900A6A2E6 /* MGTwitterHTTPURLConnection.h */,
				05B237F20FEDB20900A6A2E6 /* MGTwitterHTTPURLConnection.m */,
				05B237F30FEDB20900A6A2E6 /* MGTwitterLibXMLParser.h */,
				05B237F40FEDB20900A6A2E6 /* MGTwitterLibXMLParser.m */,
				05B237F50FEDB20900A6A2E6 /* MGTwitterMessagesLibXMLParser.h */,
				05B237F60FEDB20900A6A2E6 /* MGTwitterMessagesLibXMLParser.m */,
				05B237F70FEDB20900A6A2E6 /* MGTwitterMessagesParser.h */,
				05B237F80FEDB20900A6A2E6 /* MGTwitterMessagesParser.m */,
				05B237F90FEDB20900A6A2E6 /* MGTwitterMiscLibXMLParser.h */,
				05B237FA0FEDB20900A6A2E6 /* MGTwitterMiscLibXMLParser.m */,
				05B237FB0FEDB20900A6A2E6 /* MGTwitterMiscParser.h */,
				05B237FC0FEDB20900A6A2E6 /* MGTwitterMiscParser.m */,
				05B237FD0FEDB20900A6A2E6 /* MGTwitterParserDelegate.h */,
				05B237FE0FEDB20900A6A2E6 /* MGTwitterRequestTypes.h */,
				05B237FF0FEDB20900A6A2E6 /* MGTwitterStatusesLibXMLParser.h */,
				05B238000FEDB20900A6A2E6 /* MGTwitterStatusesLibXMLParser.m */,
				05B238010FEDB20900A6A2E6 /* MGTwitterStatusesParser.h */,
				05B238020FEDB20900A6A2E6 /* MGTwitterStatusesParser.m */,
				05B238030FEDB20900A6A2E6 /* MGTwitterUsersLibXMLParser.h */,
				05B238040FEDB20900A6A2E6 /* MGTwitterUsersLibXMLParser.m */,
				05B238050FEDB20900A6A2E6 /* MGTwitterUsersParser.h */,
				05B238060FEDB20900A6A2E6 /* MGTwitterUsersParser.m */,
				05B238070FEDB20900A6A2E6 /* MGTwitterXMLParser.h */,
				05B238080FEDB20900A6A2E6 /* MGTwitterXMLParser.m */,
				05B238090FEDB20900A6A2E6 /* NSData+Base64.h */,
				05B2380A0FEDB20900A6A2E6 /* NSData+Base64.m */,
				05B2380B0FEDB20900A6A2E6 /* NSString+UUID.h */,
				05B2380C0FEDB20900A6A2E6 /* NSString+UUID.m */,
			);
			name = "mg-twitter-engine";
			sourceTree = "<group>";
		};
		05B2387E0FEDC25F00A6A2E6 /* log-in */ = {
			isa = PBXGroup;
			children = (
				05B2387F0FEDC29400A6A2E6 /* LogInDisplayMgr.h */,
				05B238800FEDC29400A6A2E6 /* LogInDisplayMgr.m */,
				05B238DF0FEDC4F700A6A2E6 /* LogInViewController.h */,
				05B238E00FEDC4F700A6A2E6 /* LogInViewController.m */,
				05B238E10FEDC4F700A6A2E6 /* LogInViewControllerDelegate.h */,
			);
			name = "log-in";
			sourceTree = "<group>";
		};
		05B238F30FEDC85300A6A2E6 /* users */ = {
			isa = PBXGroup;
			children = (
				05B23C140FEEEFB000A6A2E6 /* User.h */,
				05B23C150FEEEFB000A6A2E6 /* User.m */,
			);
			name = users;
			sourceTree = "<group>";
		};
		05B238F80FEDC8EE00A6A2E6 /* twitter */ = {
			isa = PBXGroup;
			children = (
				05B23C670FEEF39200A6A2E6 /* TwitterCredentials.h */,
				05B23C680FEEF39200A6A2E6 /* TwitterCredentials.m */,
				05B23B3C0FEED50E00A6A2E6 /* processors */,
				05B23B380FEEC6AB00A6A2E6 /* TwitterService.h */,
				05B23B390FEEC6AB00A6A2E6 /* TwitterService.m */,
				05B23B3B0FEECECD00A6A2E6 /* TwitterServiceDelegate.h */,
			);
			name = twitter;
			sourceTree = "<group>";
		};
		05B2393C0FEDD05E00A6A2E6 /* shared */ = {
			isa = PBXGroup;
			children = (
				916BD9D10FEF3D05007143A9 /* UILabel+DrawingAdditions.h */,
				916BD9D20FEF3D05007143A9 /* UILabel+DrawingAdditions.m */,
				916BD7BC0FEEAF13007143A9 /* NSObject+RuntimeAdditions.h */,
				916BD7BD0FEEAF13007143A9 /* NSObject+RuntimeAdditions.m */,
				916BD7B60FEEAED1007143A9 /* NoDataViewController.h */,
				916BD7B70FEEAED1007143A9 /* NoDataViewController.m */,
				916BD7990FEEADD7007143A9 /* NetworkAwareViewController.h */,
				916BD79A0FEEADD7007143A9 /* NetworkAwareViewController.m */,
				916BD79B0FEEADD7007143A9 /* NetworkAwareViewControllerDelegate.h */,
				916BD79C0FEEADD7007143A9 /* NSArray+IterationAdditions.h */,
				916BD79D0FEEADD7007143A9 /* NSArray+IterationAdditions.m */,
				916BD79E0FEEADD7007143A9 /* NSDate+IsToday.h */,
				916BD79F0FEEADD7007143A9 /* NSDate+IsToday.m */,
				916BD7A00FEEADD7007143A9 /* NSDate+TwitterStringHelpers.h */,
				916BD7A10FEEADD7007143A9 /* NSDate+TwitterStringHelpers.m */,
				916BD7A20FEEADD7007143A9 /* NSDate+StringHelpers.h */,
				916BD7A30FEEADD7007143A9 /* NSDate+StringHelpers.m */,
				916BD7A40FEEADD7007143A9 /* NSError+InstantiationAdditions.h */,
				916BD7A50FEEADD7007143A9 /* NSError+InstantiationAdditions.m */,
				916BD7A60FEEADD7007143A9 /* UIColor+TwitchColors.h */,
				916BD7A70FEEADD7007143A9 /* UIColor+TwitchColors.m */,
				916BD7A80FEEADD7007143A9 /* UITableViewCell+InstantiationAdditions.h */,
				916BD7A90FEEADD7007143A9 /* UITableViewCell+InstantiationAdditions.m */,
				916BD7AA0FEEADD7007143A9 /* UIWebView+FileLoadingAdditions.h */,
				916BD7AB0FEEADD7007143A9 /* UIWebView+FileLoadingAdditions.m */,
				05B2393D0FEDD06D00A6A2E6 /* UIAlertView+InstantiationAdditions.h */,
				05B2393E0FEDD06D00A6A2E6 /* UIAlertView+InstantiationAdditions.m */,
				05B23B100FEEC48C00A6A2E6 /* PListUtils.h */,
				05B23B110FEEC48C00A6A2E6 /* PListUtils.m */,
				916BD8BD0FEEEE4A007143A9 /* RoundedImage.h */,
				916BD8BE0FEEEE4A007143A9 /* RoundedImage.m */,
			);
			name = shared;
			sourceTree = "<group>";
		};
		05B239440FEDD0E400A6A2E6 /* nibs */ = {
			isa = PBXGroup;
			children = (
				916BD7ED0FEEB958007143A9 /* NoDataView.xib */,
				05B238820FEDC34200A6A2E6 /* MainWindow.xib */,
				05B238880FEDC35400A6A2E6 /* LogInView.xib */,
				916BD8020FEEBD56007143A9 /* TimelineView.xib */,
				916BD9100FEEFB07007143A9 /* TimelineTableViewCell.xib */,
				916BD9F40FEF46B1007143A9 /* TweetDetailsView.xib */,
			);
			name = nibs;
			sourceTree = "<group>";
		};
		05B239450FEDD0F800A6A2E6 /* strings */ = {
			isa = PBXGroup;
			children = (
				05B239470FEDD10900A6A2E6 /* Localizable.strings */,
			);
			name = strings;
			sourceTree = "<group>";
		};
		05B239620FEDD1A400A6A2E6 /* publishers */ = {
			isa = PBXGroup;
			children = (
				05B239650FEDD1E500A6A2E6 /* AbstractUpdatePublisher.h */,
				05B239660FEDD1E500A6A2E6 /* AbstractUpdatePublisher.m */,
				05B2396A0FEDD21B00A6A2E6 /* CredentialsUpdatePublisher.h */,
				05B2396B0FEDD21B00A6A2E6 /* CredentialsUpdatePublisher.m */,
			);
			name = publishers;
			sourceTree = "<group>";
		};
		05B23A040FEEB10B00A6A2E6 /* data-model */ = {
			isa = PBXGroup;
			children = (
				05B239F00FEEABBB00A6A2E6 /* twitch.xcdatamodel */,
			);
			name = "data-model";
			sourceTree = "<group>";
		};
		05B23AC70FEEC29D00A6A2E6 /* configuration */ = {
			isa = PBXGroup;
			children = (
				05B23AC80FEEC2AE00A6A2E6 /* ConfigReader.h */,
				05B23AC90FEEC2AE00A6A2E6 /* InfoPlistConfigReader.h */,
				05B23ACA0FEEC2AE00A6A2E6 /* InfoPlistConfigReader.m */,
			);
			name = configuration;
			sourceTree = "<group>";
		};
		05B23B3C0FEED50E00A6A2E6 /* processors */ = {
			isa = PBXGroup;
			children = (
				05B23B4D0FEED7DD00A6A2E6 /* ResponseProcessors.h */,
				05B23B440FEED55100A6A2E6 /* ResponseProcessor.h */,
				05B23B450FEED55100A6A2E6 /* ResponseProcessor.m */,
				05B23B470FEED5A000A6A2E6 /* CheckCredentialsResponseProcessor.h */,
				05B23B480FEED5A000A6A2E6 /* CheckCredentialsResponseProcessor.m */,
				05B23B4A0FEED5C600A6A2E6 /* FetchTimelineResponseProcessor.h */,
				05B23B4B0FEED5C600A6A2E6 /* FetchTimelineResponseProcessor.m */,
			);
			name = processors;
			sourceTree = "<group>";
		};
		05B23C0C0FEEEEC000A6A2E6 /* tweets */ = {
			isa = PBXGroup;
			children = (
				05B23C190FEEEFC700A6A2E6 /* Tweet.h */,
				05B23C1A0FEEEFC700A6A2E6 /* Tweet.m */,
			);
			name = tweets;
			sourceTree = "<group>";
		};
		080E96DDFE201D6D7F000001 /* Classes */ = {
			isa = PBXGroup;
			children = (
				916BD8130FEEBDF9007143A9 /* timeline */,
				052C64150FED700B00B259D7 /* app-controller */,
				05B2387E0FEDC25F00A6A2E6 /* log-in */,
				05B238F30FEDC85300A6A2E6 /* users */,
				05B238F80FEDC8EE00A6A2E6 /* twitter */,
				05B23C0C0FEEEEC000A6A2E6 /* tweets */,
				05B239620FEDD1A400A6A2E6 /* publishers */,
				055B78280FED7D31008859F7 /* push-notifications */,
				05B23AC70FEEC29D00A6A2E6 /* configuration */,
				05B2393C0FEDD05E00A6A2E6 /* shared */,
				055B791E0FEDB1B9008859F7 /* vendor */,
			);
			path = Classes;
			sourceTree = "<group>";
		};
		19C28FACFE9D520D11CA2CBB /* Products */ = {
			isa = PBXGroup;
			children = (
				1D6058910D05DD3D006BFB54 /* Twitch.app */,
			);
			name = Products;
			sourceTree = "<group>";
		};
		29B97314FDCFA39411CA2CEA /* twitch */ = {
			isa = PBXGroup;
			children = (
				080E96DDFE201D6D7F000001 /* Classes */,
				29B97315FDCFA39411CA2CEA /* Other Sources */,
				29B97317FDCFA39411CA2CEA /* Resources */,
				29B97323FDCFA39411CA2CEA /* Frameworks */,
				19C28FACFE9D520D11CA2CBB /* Products */,
			);
			name = twitch;
			sourceTree = "<group>";
		};
		29B97315FDCFA39411CA2CEA /* Other Sources */ = {
			isa = PBXGroup;
			children = (
				28A0AB4B0D9B1048005BE974 /* twitch_Prefix.pch */,
				29B97316FDCFA39411CA2CEA /* main.m */,
			);
			name = "Other Sources";
			sourceTree = "<group>";
		};
		29B97317FDCFA39411CA2CEA /* Resources */ = {
			isa = PBXGroup;
			children = (
				916BDA4C0FEF573A007143A9 /* html */,
				05B23A040FEEB10B00A6A2E6 /* data-model */,
				916BD7CB0FEEB112007143A9 /* images */,
				05B239440FEDD0E400A6A2E6 /* nibs */,
				05B239450FEDD0F800A6A2E6 /* strings */,
				8D1107310486CEB800E47090 /* twitch-Info.plist */,
				05977A3B0FEF0C9700E37B9C /* Icon.png */,
			);
			name = Resources;
			sourceTree = "<group>";
		};
		29B97323FDCFA39411CA2CEA /* Frameworks */ = {
			isa = PBXGroup;
			children = (
				1DF5F4DF0D08C38300B7A737 /* UIKit.framework */,
				1D30AB110D05D00D00671497 /* Foundation.framework */,
				288765070DF74369002DB57D /* CoreGraphics.framework */,
				05B23A310FEEB29D00A6A2E6 /* CoreData.framework */,
				05B238310FEDBA6600A6A2E6 /* libxml2.dylib */,
			);
			name = Frameworks;
			sourceTree = "<group>";
		};
		916BD7CB0FEEB112007143A9 /* images */ = {
			isa = PBXGroup;
			children = (
				91E000940FEFFCC700BCE9BC /* DropShadow.png */,
				91E000870FEFFABB00BCE9BC /* TweetDetailsHeaderGradient.png */,
				91E0004B0FEF786300BCE9BC /* NotFavorite.png */,
				91E000420FEF76E800BCE9BC /* Favorite.png */,
				916BD8A20FEEDFBD007143A9 /* UserHeaderGradient.png */,
				916BD8940FEEDAD9007143A9 /* Default.png */,
				916BD8950FEEDAD9007143A9 /* DefaultAvatar.png */,
				916BD88D0FEED9DE007143A9 /* TableViewCellGradient.png */,
				916BD7DA0FEEB839007143A9 /* Gear.png */,
				916BD7DB0FEEB839007143A9 /* House.png */,
				916BD7D80FEEB770007143A9 /* Profile.png */,
				916BD7D60FEEB5CB007143A9 /* Star.png */,
				916BD7D20FEEB49B007143A9 /* Envelope.png */,
				916BD7D30FEEB49B007143A9 /* LineChart.png */,
				916BD7D00FEEB2DE007143A9 /* MentionsIcon.png */,
				916BD7CE0FEEB193007143A9 /* HomeIconWhite.png */,
				916BD7CC0FEEB11F007143A9 /* HomeIcon.png */,
			);
			name = images;
			sourceTree = "<group>";
		};
		916BD8130FEEBDF9007143A9 /* timeline */ = {
			isa = PBXGroup;
			children = (
				916BD8140FEEBE26007143A9 /* TimelineViewController.h */,
				916BD8150FEEBE26007143A9 /* TimelineViewController.m */,
				916BD8170FEEBE35007143A9 /* TimelineDisplayMgr.h */,
				916BD8180FEEBE35007143A9 /* TimelineDisplayMgr.m */,
				916BD81D0FEEC12B007143A9 /* TimelineDisplayMgrFactory.h */,
				916BD81E0FEEC12B007143A9 /* TimelineDisplayMgrFactory.m */,
				916BD9130FEEFB24007143A9 /* TimelineTableViewCell.h */,
				916BD9140FEEFB24007143A9 /* TimelineTableViewCell.m */,
				916BD9F80FEF46E4007143A9 /* TweetDetailsViewController.h */,
				916BD9F90FEF46E4007143A9 /* TweetDetailsViewController.m */,
				916BD9FB0FEF4986007143A9 /* TimelineViewControllerDelegate.h */,
				916BDA140FEF4E96007143A9 /* TweetDetailsViewDelegate.h */,
			);
			name = timeline;
			sourceTree = "<group>";
		};
		916BDA4C0FEF573A007143A9 /* html */ = {
			isa = PBXGroup;
			children = (
				916BDA4D0FEF573A007143A9 /* tweet-style.css */,
			);
			path = html;
			sourceTree = "<group>";
		};
/* End PBXGroup section */

/* Begin PBXNativeTarget section */
		1D6058900D05DD3D006BFB54 /* twitch */ = {
			isa = PBXNativeTarget;
			buildConfigurationList = 1D6058960D05DD3E006BFB54 /* Build configuration list for PBXNativeTarget "twitch" */;
			buildPhases = (
				1D60588D0D05DD3D006BFB54 /* Resources */,
				1D60588E0D05DD3D006BFB54 /* Sources */,
				1D60588F0D05DD3D006BFB54 /* Frameworks */,
			);
			buildRules = (
			);
			dependencies = (
			);
			name = twitch;
			productName = twitch;
			productReference = 1D6058910D05DD3D006BFB54 /* Twitch.app */;
			productType = "com.apple.product-type.application";
		};
/* End PBXNativeTarget section */

/* Begin PBXProject section */
		29B97313FDCFA39411CA2CEA /* Project object */ = {
			isa = PBXProject;
			buildConfigurationList = C01FCF4E08A954540054247B /* Build configuration list for PBXProject "twitch" */;
			compatibilityVersion = "Xcode 3.1";
			hasScannedForEncodings = 1;
			knownRegions = (
				English,
				Japanese,
				French,
				German,
				en,
			);
			mainGroup = 29B97314FDCFA39411CA2CEA /* twitch */;
			projectDirPath = "";
			projectRoot = "";
			targets = (
				1D6058900D05DD3D006BFB54 /* twitch */,
			);
		};
/* End PBXProject section */

/* Begin PBXResourcesBuildPhase section */
		1D60588D0D05DD3D006BFB54 /* Resources */ = {
			isa = PBXResourcesBuildPhase;
			buildActionMask = 2147483647;
			files = (
				05B238860FEDC34200A6A2E6 /* MainWindow.xib in Resources */,
				05B2388A0FEDC35400A6A2E6 /* LogInView.xib in Resources */,
				05B239490FEDD10900A6A2E6 /* Localizable.strings in Resources */,
				916BD7CD0FEEB11F007143A9 /* HomeIcon.png in Resources */,
				916BD7CF0FEEB193007143A9 /* HomeIconWhite.png in Resources */,
				916BD7D10FEEB2DE007143A9 /* MentionsIcon.png in Resources */,
				916BD7D40FEEB49B007143A9 /* Envelope.png in Resources */,
				916BD7D50FEEB49B007143A9 /* LineChart.png in Resources */,
				916BD7D70FEEB5CB007143A9 /* Star.png in Resources */,
				916BD7D90FEEB770007143A9 /* Profile.png in Resources */,
				916BD7DC0FEEB839007143A9 /* Gear.png in Resources */,
				916BD7DD0FEEB839007143A9 /* House.png in Resources */,
				916BD7EF0FEEB958007143A9 /* NoDataView.xib in Resources */,
				916BD8040FEEBD56007143A9 /* TimelineView.xib in Resources */,
				916BD88E0FEED9DE007143A9 /* TableViewCellGradient.png in Resources */,
				916BD8960FEEDAD9007143A9 /* Default.png in Resources */,
				916BD8970FEEDAD9007143A9 /* DefaultAvatar.png in Resources */,
				916BD8A30FEEDFBD007143A9 /* UserHeaderGradient.png in Resources */,
				916BD9120FEEFB07007143A9 /* TimelineTableViewCell.xib in Resources */,
				05977A3C0FEF0C9700E37B9C /* Icon.png in Resources */,
				916BD9F60FEF46B1007143A9 /* TweetDetailsView.xib in Resources */,
				916BDA4E0FEF573A007143A9 /* tweet-style.css in Resources */,
				91E000430FEF76E800BCE9BC /* Favorite.png in Resources */,
				91E0004C0FEF786300BCE9BC /* NotFavorite.png in Resources */,
				91E000880FEFFABB00BCE9BC /* TweetDetailsHeaderGradient.png in Resources */,
				91E000950FEFFCC700BCE9BC /* DropShadow.png in Resources */,
			);
			runOnlyForDeploymentPostprocessing = 0;
		};
/* End PBXResourcesBuildPhase section */

/* Begin PBXSourcesBuildPhase section */
		1D60588E0D05DD3D006BFB54 /* Sources */ = {
			isa = PBXSourcesBuildPhase;
			buildActionMask = 2147483647;
			files = (
				1D60589B0D05DD56006BFB54 /* main.m in Sources */,
				052C64190FED703200B259D7 /* TwitchAppDelegate.m in Sources */,
				05B2380D0FEDB20900A6A2E6 /* MGTwitterEngine.m in Sources */,
				05B2380E0FEDB20900A6A2E6 /* MGTwitterHTTPURLConnection.m in Sources */,
				05B2380F0FEDB20900A6A2E6 /* MGTwitterLibXMLParser.m in Sources */,
				05B238100FEDB20900A6A2E6 /* MGTwitterMessagesLibXMLParser.m in Sources */,
				05B238110FEDB20900A6A2E6 /* MGTwitterMessagesParser.m in Sources */,
				05B238120FEDB20900A6A2E6 /* MGTwitterMiscLibXMLParser.m in Sources */,
				05B238130FEDB20900A6A2E6 /* MGTwitterMiscParser.m in Sources */,
				05B238140FEDB20900A6A2E6 /* MGTwitterStatusesLibXMLParser.m in Sources */,
				05B238150FEDB20900A6A2E6 /* MGTwitterStatusesParser.m in Sources */,
				05B238160FEDB20900A6A2E6 /* MGTwitterUsersLibXMLParser.m in Sources */,
				05B238170FEDB20900A6A2E6 /* MGTwitterUsersParser.m in Sources */,
				05B238180FEDB20900A6A2E6 /* MGTwitterXMLParser.m in Sources */,
				05B238190FEDB20900A6A2E6 /* NSData+Base64.m in Sources */,
				05B2381A0FEDB20900A6A2E6 /* NSString+UUID.m in Sources */,
				05B2387D0FEDC15800A6A2E6 /* DeviceRegistrar.m in Sources */,
				05B238810FEDC29400A6A2E6 /* LogInDisplayMgr.m in Sources */,
				05B238E20FEDC4F700A6A2E6 /* LogInViewController.m in Sources */,
				05B2393F0FEDD06D00A6A2E6 /* UIAlertView+InstantiationAdditions.m in Sources */,
				05B239670FEDD1E500A6A2E6 /* AbstractUpdatePublisher.m in Sources */,
				05B2396C0FEDD21B00A6A2E6 /* CredentialsUpdatePublisher.m in Sources */,
				05B239F10FEEABBB00A6A2E6 /* twitch.xcdatamodel in Sources */,
				916BD7AC0FEEADD7007143A9 /* NetworkAwareViewController.m in Sources */,
				916BD7AD0FEEADD7007143A9 /* NSArray+IterationAdditions.m in Sources */,
				916BD7AE0FEEADD7007143A9 /* NSDate+IsToday.m in Sources */,
				916BD7AF0FEEADD7007143A9 /* NSDate+TwitterStringHelpers.m in Sources */,
				916BD7B00FEEADD7007143A9 /* NSDate+StringHelpers.m in Sources */,
				916BD7B10FEEADD7007143A9 /* NSError+InstantiationAdditions.m in Sources */,
				916BD7B20FEEADD7007143A9 /* UIColor+TwitchColors.m in Sources */,
				916BD7B30FEEADD7007143A9 /* UITableViewCell+InstantiationAdditions.m in Sources */,
				916BD7B40FEEADD7007143A9 /* UIWebView+FileLoadingAdditions.m in Sources */,
				916BD7B80FEEAED1007143A9 /* NoDataViewController.m in Sources */,
				916BD7BE0FEEAF13007143A9 /* NSObject+RuntimeAdditions.m in Sources */,
				916BD8160FEEBE26007143A9 /* TimelineViewController.m in Sources */,
				916BD8190FEEBE35007143A9 /* TimelineDisplayMgr.m in Sources */,
				916BD81F0FEEC12B007143A9 /* TimelineDisplayMgrFactory.m in Sources */,
				05B23ACB0FEEC2AE00A6A2E6 /* InfoPlistConfigReader.m in Sources */,
				05B23B120FEEC48C00A6A2E6 /* PListUtils.m in Sources */,
				916BD8BF0FEEEE4A007143A9 /* RoundedImage.m in Sources */,
				916BD9150FEEFB24007143A9 /* TimelineTableViewCell.m in Sources */,
				05B23B3A0FEEC6AB00A6A2E6 /* TwitterService.m in Sources */,
				05B23B460FEED55100A6A2E6 /* ResponseProcessor.m in Sources */,
				05B23B490FEED5A000A6A2E6 /* CheckCredentialsResponseProcessor.m in Sources */,
				05B23B4C0FEED5C600A6A2E6 /* FetchTimelineResponseProcessor.m in Sources */,
				05B23C160FEEEFB000A6A2E6 /* User.m in Sources */,
				05B23C1B0FEEEFC700A6A2E6 /* Tweet.m in Sources */,
				05B23C690FEEF39200A6A2E6 /* TwitterCredentials.m in Sources */,
				916BD9D30FEF3D05007143A9 /* UILabel+DrawingAdditions.m in Sources */,
				916BD9FA0FEF46E4007143A9 /* TweetDetailsViewController.m in Sources */,
			);
			runOnlyForDeploymentPostprocessing = 0;
		};
/* End PBXSourcesBuildPhase section */

/* Begin PBXVariantGroup section */
		05B238820FEDC34200A6A2E6 /* MainWindow.xib */ = {
			isa = PBXVariantGroup;
			children = (
				05B238830FEDC34200A6A2E6 /* en */,
			);
			name = MainWindow.xib;
			sourceTree = "<group>";
		};
		05B238880FEDC35400A6A2E6 /* LogInView.xib */ = {
			isa = PBXVariantGroup;
			children = (
				05B238890FEDC35400A6A2E6 /* en */,
			);
			name = LogInView.xib;
			sourceTree = "<group>";
		};
		05B239470FEDD10900A6A2E6 /* Localizable.strings */ = {
			isa = PBXVariantGroup;
			children = (
				05B239480FEDD10900A6A2E6 /* en */,
			);
			name = Localizable.strings;
			path = strings/en.lproj;
			sourceTree = "<group>";
		};
		916BD7ED0FEEB958007143A9 /* NoDataView.xib */ = {
			isa = PBXVariantGroup;
			children = (
				916BD7EE0FEEB958007143A9 /* en */,
			);
			name = NoDataView.xib;
			sourceTree = "<group>";
		};
		916BD8020FEEBD56007143A9 /* TimelineView.xib */ = {
			isa = PBXVariantGroup;
			children = (
				916BD8030FEEBD56007143A9 /* en */,
			);
			name = TimelineView.xib;
			sourceTree = "<group>";
		};
		916BD9100FEEFB07007143A9 /* TimelineTableViewCell.xib */ = {
			isa = PBXVariantGroup;
			children = (
				916BD9110FEEFB07007143A9 /* en */,
			);
			name = TimelineTableViewCell.xib;
			sourceTree = "<group>";
		};
		916BD9F40FEF46B1007143A9 /* TweetDetailsView.xib */ = {
			isa = PBXVariantGroup;
			children = (
				916BD9F50FEF46B1007143A9 /* en */,
			);
			name = TweetDetailsView.xib;
			sourceTree = "<group>";
		};
/* End PBXVariantGroup section */

/* Begin XCBuildConfiguration section */
		05B239D00FEEA62800A6A2E6 /* Distribution */ = {
			isa = XCBuildConfiguration;
			buildSettings = {
				ARCHS = "$(ARCHS_STANDARD_32_BIT)";
				"CODE_SIGN_IDENTITY[sdk=iphoneos*]" = "iPhone Developer";
				GCC_C_LANGUAGE_STANDARD = c99;
				GCC_WARN_ABOUT_RETURN_TYPE = YES;
				GCC_WARN_UNUSED_VARIABLE = YES;
				HEADER_SEARCH_PATHS = $SDKROOT/usr/include/libxml2;
				PREBINDING = NO;
				SDKROOT = iphoneos3.0;
			};
			name = Distribution;
		};
		05B239D10FEEA62800A6A2E6 /* Distribution */ = {
			isa = XCBuildConfiguration;
			buildSettings = {
				ALWAYS_SEARCH_USER_PATHS = NO;
				COPY_PHASE_STRIP = YES;
				GCC_PRECOMPILE_PREFIX_HEADER = YES;
				GCC_PREFIX_HEADER = twitch_Prefix.pch;
				INFOPLIST_FILE = "twitch-Info.plist";
				PRODUCT_NAME = Twitch;
			};
			name = Distribution;
		};
		05B239D20FEEA62C00A6A2E6 /* Release - Doug */ = {
			isa = XCBuildConfiguration;
			buildSettings = {
				ARCHS = "$(ARCHS_STANDARD_32_BIT)";
				"CODE_SIGN_IDENTITY[sdk=iphoneos*]" = "iPhone Developer: Douglas Kurth";
				GCC_C_LANGUAGE_STANDARD = c99;
				GCC_WARN_ABOUT_RETURN_TYPE = YES;
				GCC_WARN_UNUSED_VARIABLE = YES;
				HEADER_SEARCH_PATHS = $SDKROOT/usr/include/libxml2;
				PREBINDING = NO;
				"PROVISIONING_PROFILE[sdk=iphoneos*]" = "AA7F2B41-6452-442A-ADBF-895609D202AE";
				SDKROOT = iphoneos3.0;
			};
			name = "Release - Doug";
		};
		05B239D30FEEA62C00A6A2E6 /* Release - Doug */ = {
			isa = XCBuildConfiguration;
			buildSettings = {
				ALWAYS_SEARCH_USER_PATHS = NO;
				COPY_PHASE_STRIP = YES;
				GCC_PRECOMPILE_PREFIX_HEADER = YES;
				GCC_PREFIX_HEADER = twitch_Prefix.pch;
				INFOPLIST_FILE = "twitch-Info.plist";
				PRODUCT_NAME = Twitch;
			};
			name = "Release - Doug";
		};
		05B239D40FEEA63500A6A2E6 /* Debug - Doug */ = {
			isa = XCBuildConfiguration;
			buildSettings = {
				ARCHS = "$(ARCHS_STANDARD_32_BIT)";
				"CODE_SIGN_IDENTITY[sdk=iphoneos*]" = "iPhone Developer: Douglas Kurth";
				GCC_C_LANGUAGE_STANDARD = c99;
				GCC_WARN_ABOUT_RETURN_TYPE = YES;
				GCC_WARN_UNUSED_VARIABLE = YES;
				HEADER_SEARCH_PATHS = $SDKROOT/usr/include/libxml2;
				PREBINDING = NO;
				"PROVISIONING_PROFILE[sdk=iphoneos*]" = "AA7F2B41-6452-442A-ADBF-895609D202AE";
				SDKROOT = iphoneos3.0;
			};
			name = "Debug - Doug";
		};
		05B239D50FEEA63500A6A2E6 /* Debug - Doug */ = {
			isa = XCBuildConfiguration;
			buildSettings = {
				ALWAYS_SEARCH_USER_PATHS = NO;
				COPY_PHASE_STRIP = NO;
				GCC_DYNAMIC_NO_PIC = NO;
				GCC_OPTIMIZATION_LEVEL = 0;
				GCC_PRECOMPILE_PREFIX_HEADER = YES;
				GCC_PREFIX_HEADER = twitch_Prefix.pch;
				INFOPLIST_FILE = "twitch-Info.plist";
				PRODUCT_NAME = Twitch;
			};
			name = "Debug - Doug";
		};
		1D6058940D05DD3E006BFB54 /* Debug - John */ = {
			isa = XCBuildConfiguration;
			buildSettings = {
				ALWAYS_SEARCH_USER_PATHS = NO;
				COPY_PHASE_STRIP = NO;
				GCC_DYNAMIC_NO_PIC = NO;
				GCC_OPTIMIZATION_LEVEL = 0;
				GCC_PRECOMPILE_PREFIX_HEADER = YES;
				GCC_PREFIX_HEADER = twitch_Prefix.pch;
				INFOPLIST_FILE = "twitch-Info.plist";
				PRODUCT_NAME = Twitch;
			};
			name = "Debug - John";
		};
		1D6058950D05DD3E006BFB54 /* Release - John */ = {
			isa = XCBuildConfiguration;
			buildSettings = {
				ALWAYS_SEARCH_USER_PATHS = NO;
				COPY_PHASE_STRIP = YES;
				GCC_PRECOMPILE_PREFIX_HEADER = YES;
				GCC_PREFIX_HEADER = twitch_Prefix.pch;
				INFOPLIST_FILE = "twitch-Info.plist";
				PRODUCT_NAME = Twitch;
			};
			name = "Release - John";
		};
		C01FCF4F08A954540054247B /* Debug - John */ = {
			isa = XCBuildConfiguration;
			buildSettings = {
				ARCHS = "$(ARCHS_STANDARD_32_BIT)";
				"CODE_SIGN_IDENTITY[sdk=iphoneos*]" = "iPhone Developer";
				GCC_C_LANGUAGE_STANDARD = c99;
				GCC_WARN_ABOUT_RETURN_TYPE = YES;
				GCC_WARN_UNUSED_VARIABLE = YES;
				HEADER_SEARCH_PATHS = $SDKROOT/usr/include/libxml2;
				PREBINDING = NO;
				SDKROOT = iphoneos3.0;
			};
			name = "Debug - John";
		};
		C01FCF5008A954540054247B /* Release - John */ = {
			isa = XCBuildConfiguration;
			buildSettings = {
				ARCHS = "$(ARCHS_STANDARD_32_BIT)";
				"CODE_SIGN_IDENTITY[sdk=iphoneos*]" = "iPhone Developer";
				GCC_C_LANGUAGE_STANDARD = c99;
				GCC_WARN_ABOUT_RETURN_TYPE = YES;
				GCC_WARN_UNUSED_VARIABLE = YES;
				HEADER_SEARCH_PATHS = $SDKROOT/usr/include/libxml2;
				PREBINDING = NO;
				SDKROOT = iphoneos3.0;
			};
			name = "Release - John";
		};
/* End XCBuildConfiguration section */

/* Begin XCConfigurationList section */
		1D6058960D05DD3E006BFB54 /* Build configuration list for PBXNativeTarget "twitch" */ = {
			isa = XCConfigurationList;
			buildConfigurations = (
				1D6058940D05DD3E006BFB54 /* Debug - John */,
				05B239D50FEEA63500A6A2E6 /* Debug - Doug */,
				1D6058950D05DD3E006BFB54 /* Release - John */,
				05B239D30FEEA62C00A6A2E6 /* Release - Doug */,
				05B239D10FEEA62800A6A2E6 /* Distribution */,
			);
			defaultConfigurationIsVisible = 0;
			defaultConfigurationName = "Release - John";
		};
		C01FCF4E08A954540054247B /* Build configuration list for PBXProject "twitch" */ = {
			isa = XCConfigurationList;
			buildConfigurations = (
				C01FCF4F08A954540054247B /* Debug - John */,
				05B239D40FEEA63500A6A2E6 /* Debug - Doug */,
				C01FCF5008A954540054247B /* Release - John */,
				05B239D20FEEA62C00A6A2E6 /* Release - Doug */,
				05B239D00FEEA62800A6A2E6 /* Distribution */,
			);
			defaultConfigurationIsVisible = 0;
			defaultConfigurationName = "Release - John";
		};
/* End XCConfigurationList section */
	};
	rootObject = 29B97313FDCFA39411CA2CEA /* Project object */;
}
